// !$*UTF8*$!
{
	archiveVersion = 1;
	classes = {
	};
	objectVersion = 46;
	objects = {

/* Begin PBXBuildFile section */
		246D4FF116280F700028E899 /* Default-568h@2x.png in Resources */ = {isa = PBXBuildFile; fileRef = 246D4FF016280F700028E899 /* Default-568h@2x.png */; };
		248B2CBE141CFC8C0026FD73 /* UIKit.framework in Frameworks */ = {isa = PBXBuildFile; fileRef = 248B2CBD141CFC8C0026FD73 /* UIKit.framework */; };
		248B2CC0141CFC8C0026FD73 /* Foundation.framework in Frameworks */ = {isa = PBXBuildFile; fileRef = 248B2CBF141CFC8C0026FD73 /* Foundation.framework */; };
		248B2CC2141CFC8C0026FD73 /* CoreGraphics.framework in Frameworks */ = {isa = PBXBuildFile; fileRef = 248B2CC1141CFC8C0026FD73 /* CoreGraphics.framework */; };
		248B2DCF141CFD700026FD73 /* AppDelegate.mm in Sources */ = {isa = PBXBuildFile; fileRef = 248B2CED141CFD700026FD73 /* AppDelegate.mm */; };
		248B2DD3141CFD700026FD73 /* Default.png in Resources */ = {isa = PBXBuildFile; fileRef = 248B2CF9141CFD700026FD73 /* Default.png */; };
		248B2DD4141CFD700026FD73 /* Default@2x.png in Resources */ = {isa = PBXBuildFile; fileRef = 248B2CFA141CFD700026FD73 /* Default@2x.png */; };
		248B2DD5141CFD700026FD73 /* Default@iPad.png in Resources */ = {isa = PBXBuildFile; fileRef = 248B2CFB141CFD700026FD73 /* Default@iPad.png */; };
		248B2DD6141CFD700026FD73 /* InfoPlist.strings in Resources */ = {isa = PBXBuildFile; fileRef = 248B2CFC141CFD700026FD73 /* InfoPlist.strings */; };
		248B2DD7141CFD700026FD73 /* Localizable.strings in Resources */ = {isa = PBXBuildFile; fileRef = 248B2CFE141CFD700026FD73 /* Localizable.strings */; };
		248B2DD8141CFD700026FD73 /* Icon.png in Resources */ = {isa = PBXBuildFile; fileRef = 248B2D00141CFD700026FD73 /* Icon.png */; };
		248B2DD9141CFD700026FD73 /* Icon@2x.png in Resources */ = {isa = PBXBuildFile; fileRef = 248B2D01141CFD700026FD73 /* Icon@2x.png */; };
		248B2DDA141CFD700026FD73 /* Icon@iPad.png in Resources */ = {isa = PBXBuildFile; fileRef = 248B2D02141CFD700026FD73 /* Icon@iPad.png */; };
		248B2E17141CFD700026FD73 /* Main.mm in Sources */ = {isa = PBXBuildFile; fileRef = 248B2D92141CFD700026FD73 /* Main.mm */; };
		248B2E39141CFEA60026FD73 /* QuartzCore.framework in Frameworks */ = {isa = PBXBuildFile; fileRef = 248B2E38141CFEA60026FD73 /* QuartzCore.framework */; settings = {ATTRIBUTES = (Required, ); }; };
		248B2E3B141CFEBA0026FD73 /* MessageUI.framework in Frameworks */ = {isa = PBXBuildFile; fileRef = 248B2E3A141CFEBA0026FD73 /* MessageUI.framework */; settings = {ATTRIBUTES = (Required, ); }; };
		248B2E3D141CFEC40026FD73 /* MediaPlayer.framework in Frameworks */ = {isa = PBXBuildFile; fileRef = 248B2E3C141CFEC40026FD73 /* MediaPlayer.framework */; };
		248B2E3F141CFECD0026FD73 /* SystemConfiguration.framework in Frameworks */ = {isa = PBXBuildFile; fileRef = 248B2E3E141CFECD0026FD73 /* SystemConfiguration.framework */; };
		24B5635E17001DD300398ED6 /* MoviePlayer.mm in Sources */ = {isa = PBXBuildFile; fileRef = 24B562C917001DD300398ED6 /* MoviePlayer.mm */; };
		24B5635F17001DD300398ED6 /* NullController.mm in Sources */ = {isa = PBXBuildFile; fileRef = 24B562CB17001DD300398ED6 /* NullController.mm */; };
		24B5636017001DD300398ED6 /* SelectController.mm in Sources */ = {isa = PBXBuildFile; fileRef = 24B562CD17001DD300398ED6 /* SelectController.mm */; };
		24B5636117001DD300398ED6 /* ShareComposer.mm in Sources */ = {isa = PBXBuildFile; fileRef = 24B562CF17001DD300398ED6 /* ShareComposer.mm */; };
		24B5636217001DD300398ED6 /* FacingView.m in Sources */ = {isa = PBXBuildFile; fileRef = 24B562D217001DD300398ED6 /* FacingView.m */; };
		24B5636317001DD300398ED6 /* FoldBeep.wav in Resources */ = {isa = PBXBuildFile; fileRef = 24B562D317001DD300398ED6 /* FoldBeep.wav */; };
		24B5636417001DD300398ED6 /* FoldPane.mm in Sources */ = {isa = PBXBuildFile; fileRef = 24B562D517001DD300398ED6 /* FoldPane.mm */; };
		24B5636517001DD300398ED6 /* FoldView.m in Sources */ = {isa = PBXBuildFile; fileRef = 24B562D717001DD300398ED6 /* FoldView.m */; };
		24B5636617001DD300398ED6 /* FoldViews.mm in Sources */ = {isa = PBXBuildFile; fileRef = 24B562D917001DD300398ED6 /* FoldViews.mm */; };
		24B5636717001DD300398ED6 /* ShadowView.m in Sources */ = {isa = PBXBuildFile; fileRef = 24B562DB17001DD300398ED6 /* ShadowView.m */; };
		24B5636817001DD300398ED6 /* NRGridView.m in Sources */ = {isa = PBXBuildFile; fileRef = 24B562DF17001DD300398ED6 /* NRGridView.m */; };
		24B5636917001DD300398ED6 /* NRGridViewCell.m in Sources */ = {isa = PBXBuildFile; fileRef = 24B562E117001DD300398ED6 /* NRGridViewCell.m */; };
		24B5636A17001DD300398ED6 /* NRGridViewController.m in Sources */ = {isa = PBXBuildFile; fileRef = 24B562E317001DD300398ED6 /* NRGridViewController.m */; };
		24B5636D17001DD300398ED6 /* JSONKit.m in Sources */ = {isa = PBXBuildFile; fileRef = 24B562EC17001DD300398ED6 /* JSONKit.m */; };
		24B5636E17001DD300398ED6 /* libMobClickLibrary.a in Frameworks */ = {isa = PBXBuildFile; fileRef = 24B562EE17001DD300398ED6 /* libMobClickLibrary.a */; };
		24B5636F17001DD300398ED6 /* PullArrow.png in Resources */ = {isa = PBXBuildFile; fileRef = 24B562F117001DD300398ED6 /* PullArrow.png */; };
		24B5637017001DD300398ED6 /* PullArrow@2x.png in Resources */ = {isa = PBXBuildFile; fileRef = 24B562F217001DD300398ED6 /* PullArrow@2x.png */; };
		24B5637117001DD300398ED6 /* PullView.mm in Sources */ = {isa = PBXBuildFile; fileRef = 24B562F417001DD300398ED6 /* PullView.mm */; };
		24B5637217001DD300398ED6 /* TabStripBack.png in Resources */ = {isa = PBXBuildFile; fileRef = 24B562F617001DD300398ED6 /* TabStripBack.png */; };
		24B5637317001DD300398ED6 /* TabStripButton.mm in Sources */ = {isa = PBXBuildFile; fileRef = 24B562F817001DD300398ED6 /* TabStripButton.mm */; };
		24B5637417001DD300398ED6 /* TabStripLeft.png in Resources */ = {isa = PBXBuildFile; fileRef = 24B562F917001DD300398ED6 /* TabStripLeft.png */; };
		24B5637517001DD300398ED6 /* TabStripOver.png in Resources */ = {isa = PBXBuildFile; fileRef = 24B562FA17001DD300398ED6 /* TabStripOver.png */; };
		24B5637617001DD300398ED6 /* TabStripRight.png in Resources */ = {isa = PBXBuildFile; fileRef = 24B562FB17001DD300398ED6 /* TabStripRight.png */; };
		24B5637717001DD300398ED6 /* TabStripView.mm in Sources */ = {isa = PBXBuildFile; fileRef = 24B562FD17001DD300398ED6 /* TabStripView.mm */; };
		24B5637817001DD300398ED6 /* BitLive.mm in Sources */ = {isa = PBXBuildFile; fileRef = 24B5630017001DD300398ED6 /* BitLive.mm */; };
		24B5637A17001DD300398ED6 /* NetworkUtil.mm in Sources */ = {isa = PBXBuildFile; fileRef = 24B5630417001DD300398ED6 /* NetworkUtil.mm */; };
		24B5637B17001DD300398ED6 /* NSUtil.mm in Sources */ = {isa = PBXBuildFile; fileRef = 24B5630617001DD300398ED6 /* NSUtil.mm */; };
		24B5637C17001DD300398ED6 /* SettingUtil.mm in Sources */ = {isa = PBXBuildFile; fileRef = 24B5630817001DD300398ED6 /* SettingUtil.mm */; };
		24B5637D17001DD300398ED6 /* UIAddition.mm in Sources */ = {isa = PBXBuildFile; fileRef = 24B5630A17001DD300398ED6 /* UIAddition.mm */; };
		24B5637E17001DD300398ED6 /* UIUtil.mm in Sources */ = {isa = PBXBuildFile; fileRef = 24B5630C17001DD300398ED6 /* UIUtil.mm */; };
		24B5637F17001DD300398ED6 /* AlertBox.mm in Sources */ = {isa = PBXBuildFile; fileRef = 24B5630F17001DD300398ED6 /* AlertBox.mm */; };
		24B5638017001DD300398ED6 /* CacheImageView.mm in Sources */ = {isa = PBXBuildFile; fileRef = 24B5631117001DD300398ED6 /* CacheImageView.mm */; };
		24B5638117001DD300398ED6 /* DelayImageView.mm in Sources */ = {isa = PBXBuildFile; fileRef = 24B5631317001DD300398ED6 /* DelayImageView.mm */; };
		24B5638217001DD300398ED6 /* KBCustomTextField.mm in Sources */ = {isa = PBXBuildFile; fileRef = 24B5631517001DD300398ED6 /* KBCustomTextField.mm */; };
		24B5638317001DD300398ED6 /* NullView.mm in Sources */ = {isa = PBXBuildFile; fileRef = 24B5631717001DD300398ED6 /* NullView.mm */; };
		24B5638417001DD300398ED6 /* PredictScrollView.mm in Sources */ = {isa = PBXBuildFile; fileRef = 24B5631917001DD300398ED6 /* PredictScrollView.mm */; };
		24B5638517001DD300398ED6 /* SegmentLabel.mm in Sources */ = {isa = PBXBuildFile; fileRef = 24B5631B17001DD300398ED6 /* SegmentLabel.mm */; };
		24B5638617001DD300398ED6 /* TouchView.mm in Sources */ = {isa = PBXBuildFile; fileRef = 24B5631D17001DD300398ED6 /* TouchView.mm */; };
		24B5638717001DD300398ED6 /* BackwardIcon.png in Resources */ = {isa = PBXBuildFile; fileRef = 24B5631F17001DD300398ED6 /* BackwardIcon.png */; };
		24B5638817001DD300398ED6 /* BackwardIcon@2x.png in Resources */ = {isa = PBXBuildFile; fileRef = 24B5632017001DD300398ED6 /* BackwardIcon@2x.png */; };
		24B5638917001DD300398ED6 /* ForwardIcon.png in Resources */ = {isa = PBXBuildFile; fileRef = 24B5632117001DD300398ED6 /* ForwardIcon.png */; };
		24B5638A17001DD300398ED6 /* ForwardIcon@2x.png in Resources */ = {isa = PBXBuildFile; fileRef = 24B5632217001DD300398ED6 /* ForwardIcon@2x.png */; };
		24B5638B17001DD300398ED6 /* WebController.mm in Sources */ = {isa = PBXBuildFile; fileRef = 24B5632417001DD300398ED6 /* WebController.mm */; };
		24B5638C17001DD300398ED6 /* ioapi.c in Sources */ = {isa = PBXBuildFile; fileRef = 24B5632717001DD300398ED6 /* ioapi.c */; };
		24B5638D17001DD300398ED6 /* unzip.c in Sources */ = {isa = PBXBuildFile; fileRef = 24B5632917001DD300398ED6 /* unzip.c */; };
		24B5638E17001DD300398ED6 /* zip.c in Sources */ = {isa = PBXBuildFile; fileRef = 24B5632B17001DD300398ED6 /* zip.c */; };
		24B5638F17001DD300398ED6 /* ZipArchive.mm in Sources */ = {isa = PBXBuildFile; fileRef = 24B5632E17001DD300398ED6 /* ZipArchive.mm */; };
		24B5639117001FA100398ED6 /* AudioToolbox.framework in Frameworks */ = {isa = PBXBuildFile; fileRef = 24B5639017001FA100398ED6 /* AudioToolbox.framework */; };
		24B5639317001FB200398ED6 /* libz.dylib in Frameworks */ = {isa = PBXBuildFile; fileRef = 24B5639217001FB200398ED6 /* libz.dylib */; };
		24B563981700201C00398ED6 /* HttpUtil.mm in Sources */ = {isa = PBXBuildFile; fileRef = 24B563951700201C00398ED6 /* HttpUtil.mm */; };
		24B563991700201C00398ED6 /* NullObject.mm in Sources */ = {isa = PBXBuildFile; fileRef = 24B563971700201C00398ED6 /* NullObject.mm */; };
/* End PBXBuildFile section */

/* Begin PBXFileReference section */
		246D4FF016280F700028E899 /* Default-568h@2x.png */ = {isa = PBXFileReference; lastKnownFileType = image.png; path = "Default-568h@2x.png"; sourceTree = "<group>"; };
		248B2CB9141CFC8C0026FD73 /* Sample.app */ = {isa = PBXFileReference; explicitFileType = wrapper.application; includeInIndex = 0; path = Sample.app; sourceTree = BUILT_PRODUCTS_DIR; };
		248B2CBD141CFC8C0026FD73 /* UIKit.framework */ = {isa = PBXFileReference; lastKnownFileType = wrapper.framework; name = UIKit.framework; path = System/Library/Frameworks/UIKit.framework; sourceTree = SDKROOT; };
		248B2CBF141CFC8C0026FD73 /* Foundation.framework */ = {isa = PBXFileReference; lastKnownFileType = wrapper.framework; name = Foundation.framework; path = System/Library/Frameworks/Foundation.framework; sourceTree = SDKROOT; };
		248B2CC1141CFC8C0026FD73 /* CoreGraphics.framework */ = {isa = PBXFileReference; lastKnownFileType = wrapper.framework; name = CoreGraphics.framework; path = System/Library/Frameworks/CoreGraphics.framework; sourceTree = SDKROOT; };
		248B2CEC141CFD700026FD73 /* AppDelegate.h */ = {isa = PBXFileReference; fileEncoding = 4; lastKnownFileType = sourcecode.c.h; path = AppDelegate.h; sourceTree = "<group>"; };
		248B2CED141CFD700026FD73 /* AppDelegate.mm */ = {isa = PBXFileReference; fileEncoding = 4; lastKnownFileType = sourcecode.cpp.objcpp; path = AppDelegate.mm; sourceTree = "<group>"; };
		248B2CF9141CFD700026FD73 /* Default.png */ = {isa = PBXFileReference; lastKnownFileType = image.png; path = Default.png; sourceTree = "<group>"; };
		248B2CFA141CFD700026FD73 /* Default@2x.png */ = {isa = PBXFileReference; lastKnownFileType = image.png; path = "Default@2x.png"; sourceTree = "<group>"; };
		248B2CFB141CFD700026FD73 /* Default@iPad.png */ = {isa = PBXFileReference; lastKnownFileType = image.png; path = "Default@iPad.png"; sourceTree = "<group>"; };
		248B2CFD141CFD700026FD73 /* English */ = {isa = PBXFileReference; lastKnownFileType = text.plist.strings; name = English; path = English.lproj/InfoPlist.strings; sourceTree = "<group>"; };
		248B2CFF141CFD700026FD73 /* English */ = {isa = PBXFileReference; lastKnownFileType = text.plist.strings; name = English; path = English.lproj/Localizable.strings; sourceTree = "<group>"; };
		248B2D00141CFD700026FD73 /* Icon.png */ = {isa = PBXFileReference; lastKnownFileType = image.png; path = Icon.png; sourceTree = "<group>"; };
		248B2D01141CFD700026FD73 /* Icon@2x.png */ = {isa = PBXFileReference; lastKnownFileType = image.png; path = "Icon@2x.png"; sourceTree = "<group>"; };
		248B2D02141CFD700026FD73 /* Icon@iPad.png */ = {isa = PBXFileReference; lastKnownFileType = image.png; path = "Icon@iPad.png"; sourceTree = "<group>"; };
		248B2D03141CFD700026FD73 /* Info.plist */ = {isa = PBXFileReference; fileEncoding = 4; lastKnownFileType = text.plist.xml; path = Info.plist; sourceTree = "<group>"; };
		248B2D04141CFD700026FD73 /* zh-Hans */ = {isa = PBXFileReference; lastKnownFileType = text.plist.strings; name = "zh-Hans"; path = "zh-Hans.lproj/InfoPlist.strings"; sourceTree = "<group>"; };
		248B2D05141CFD700026FD73 /* zh-Hans */ = {isa = PBXFileReference; lastKnownFileType = text.plist.strings; name = "zh-Hans"; path = "zh-Hans.lproj/Localizable.strings"; sourceTree = "<group>"; };
		248B2D06141CFD700026FD73 /* zh-Hant */ = {isa = PBXFileReference; lastKnownFileType = text.plist.strings; name = "zh-Hant"; path = "zh-Hant.lproj/InfoPlist.strings"; sourceTree = "<group>"; };
		248B2D07141CFD700026FD73 /* zh-Hant */ = {isa = PBXFileReference; lastKnownFileType = text.plist.strings; name = "zh-Hant"; path = "zh-Hant.lproj/Localizable.strings"; sourceTree = "<group>"; };
		248B2D92141CFD700026FD73 /* Main.mm */ = {isa = PBXFileReference; fileEncoding = 4; lastKnownFileType = sourcecode.cpp.objcpp; path = Main.mm; sourceTree = "<group>"; };
		248B2D97141CFD700026FD73 /* Prefix.pch */ = {isa = PBXFileReference; fileEncoding = 4; lastKnownFileType = sourcecode.c.h; path = Prefix.pch; sourceTree = "<group>"; };
		248B2DA6141CFD700026FD73 /* UniBase.h */ = {isa = PBXFileReference; fileEncoding = 4; lastKnownFileType = sourcecode.c.h; path = UniBase.h; sourceTree = "<group>"; };
		248B2E37141CFE360026FD73 /* GenString */ = {isa = PBXFileReference; lastKnownFileType = "compiled.mach-o.executable"; path = GenString; sourceTree = "<group>"; };
		248B2E38141CFEA60026FD73 /* QuartzCore.framework */ = {isa = PBXFileReference; lastKnownFileType = wrapper.framework; name = QuartzCore.framework; path = System/Library/Frameworks/QuartzCore.framework; sourceTree = SDKROOT; };
		248B2E3A141CFEBA0026FD73 /* MessageUI.framework */ = {isa = PBXFileReference; lastKnownFileType = wrapper.framework; name = MessageUI.framework; path = System/Library/Frameworks/MessageUI.framework; sourceTree = SDKROOT; };
		248B2E3C141CFEC40026FD73 /* MediaPlayer.framework */ = {isa = PBXFileReference; lastKnownFileType = wrapper.framework; name = MediaPlayer.framework; path = System/Library/Frameworks/MediaPlayer.framework; sourceTree = SDKROOT; };
		248B2E3E141CFECD0026FD73 /* SystemConfiguration.framework */ = {isa = PBXFileReference; lastKnownFileType = wrapper.framework; name = SystemConfiguration.framework; path = System/Library/Frameworks/SystemConfiguration.framework; sourceTree = SDKROOT; };
		24B562C817001DD300398ED6 /* MoviePlayer.h */ = {isa = PBXFileReference; fileEncoding = 4; lastKnownFileType = sourcecode.c.h; path = MoviePlayer.h; sourceTree = "<group>"; };
		24B562C917001DD300398ED6 /* MoviePlayer.mm */ = {isa = PBXFileReference; fileEncoding = 4; lastKnownFileType = sourcecode.cpp.objcpp; path = MoviePlayer.mm; sourceTree = "<group>"; };
		24B562CA17001DD300398ED6 /* NullController.h */ = {isa = PBXFileReference; fileEncoding = 4; lastKnownFileType = sourcecode.c.h; path = NullController.h; sourceTree = "<group>"; };
		24B562CB17001DD300398ED6 /* NullController.mm */ = {isa = PBXFileReference; fileEncoding = 4; lastKnownFileType = sourcecode.cpp.objcpp; path = NullController.mm; sourceTree = "<group>"; };
		24B562CC17001DD300398ED6 /* SelectController.h */ = {isa = PBXFileReference; fileEncoding = 4; lastKnownFileType = sourcecode.c.h; path = SelectController.h; sourceTree = "<group>"; };
		24B562CD17001DD300398ED6 /* SelectController.mm */ = {isa = PBXFileReference; fileEncoding = 4; lastKnownFileType = sourcecode.cpp.objcpp; path = SelectController.mm; sourceTree = "<group>"; };
		24B562CE17001DD300398ED6 /* ShareComposer.h */ = {isa = PBXFileReference; fileEncoding = 4; lastKnownFileType = sourcecode.c.h; path = ShareComposer.h; sourceTree = "<group>"; };
		24B562CF17001DD300398ED6 /* ShareComposer.mm */ = {isa = PBXFileReference; fileEncoding = 4; lastKnownFileType = sourcecode.cpp.objcpp; path = ShareComposer.mm; sourceTree = "<group>"; };
		24B562D117001DD300398ED6 /* FacingView.h */ = {isa = PBXFileReference; fileEncoding = 4; lastKnownFileType = sourcecode.c.h; path = FacingView.h; sourceTree = "<group>"; };
		24B562D217001DD300398ED6 /* FacingView.m */ = {isa = PBXFileReference; fileEncoding = 4; lastKnownFileType = sourcecode.c.objc; path = FacingView.m; sourceTree = "<group>"; };
		24B562D317001DD300398ED6 /* FoldBeep.wav */ = {isa = PBXFileReference; lastKnownFileType = audio.wav; path = FoldBeep.wav; sourceTree = "<group>"; };
		24B562D417001DD300398ED6 /* FoldPane.h */ = {isa = PBXFileReference; fileEncoding = 4; lastKnownFileType = sourcecode.c.h; path = FoldPane.h; sourceTree = "<group>"; };
		24B562D517001DD300398ED6 /* FoldPane.mm */ = {isa = PBXFileReference; fileEncoding = 4; lastKnownFileType = sourcecode.cpp.objcpp; path = FoldPane.mm; sourceTree = "<group>"; };
		24B562D617001DD300398ED6 /* FoldView.h */ = {isa = PBXFileReference; fileEncoding = 4; lastKnownFileType = sourcecode.c.h; path = FoldView.h; sourceTree = "<group>"; };
		24B562D717001DD300398ED6 /* FoldView.m */ = {isa = PBXFileReference; fileEncoding = 4; lastKnownFileType = sourcecode.c.objc; path = FoldView.m; sourceTree = "<group>"; };
		24B562D817001DD300398ED6 /* FoldViews.h */ = {isa = PBXFileReference; fileEncoding = 4; lastKnownFileType = sourcecode.c.h; path = FoldViews.h; sourceTree = "<group>"; };
		24B562D917001DD300398ED6 /* FoldViews.mm */ = {isa = PBXFileReference; fileEncoding = 4; lastKnownFileType = sourcecode.cpp.objcpp; path = FoldViews.mm; sourceTree = "<group>"; };
		24B562DA17001DD300398ED6 /* ShadowView.h */ = {isa = PBXFileReference; fileEncoding = 4; lastKnownFileType = sourcecode.c.h; path = ShadowView.h; sourceTree = "<group>"; };
		24B562DB17001DD300398ED6 /* ShadowView.m */ = {isa = PBXFileReference; fileEncoding = 4; lastKnownFileType = sourcecode.c.objc; path = ShadowView.m; sourceTree = "<group>"; };
		24B562DD17001DD300398ED6 /* NRGridConstants.h */ = {isa = PBXFileReference; fileEncoding = 4; lastKnownFileType = sourcecode.c.h; path = NRGridConstants.h; sourceTree = "<group>"; };
		24B562DE17001DD300398ED6 /* NRGridView.h */ = {isa = PBXFileReference; fileEncoding = 4; lastKnownFileType = sourcecode.c.h; path = NRGridView.h; sourceTree = "<group>"; };
		24B562DF17001DD300398ED6 /* NRGridView.m */ = {isa = PBXFileReference; fileEncoding = 4; lastKnownFileType = sourcecode.c.objc; path = NRGridView.m; sourceTree = "<group>"; };
		24B562E017001DD300398ED6 /* NRGridViewCell.h */ = {isa = PBXFileReference; fileEncoding = 4; lastKnownFileType = sourcecode.c.h; path = NRGridViewCell.h; sourceTree = "<group>"; };
		24B562E117001DD300398ED6 /* NRGridViewCell.m */ = {isa = PBXFileReference; fileEncoding = 4; lastKnownFileType = sourcecode.c.objc; path = NRGridViewCell.m; sourceTree = "<group>"; };
		24B562E217001DD300398ED6 /* NRGridViewController.h */ = {isa = PBXFileReference; fileEncoding = 4; lastKnownFileType = sourcecode.c.h; path = NRGridViewController.h; sourceTree = "<group>"; };
		24B562E317001DD300398ED6 /* NRGridViewController.m */ = {isa = PBXFileReference; fileEncoding = 4; lastKnownFileType = sourcecode.c.objc; path = NRGridViewController.m; sourceTree = "<group>"; };
		24B562E417001DD300398ED6 /* NRGridViewDataSource.h */ = {isa = PBXFileReference; fileEncoding = 4; lastKnownFileType = sourcecode.c.h; path = NRGridViewDataSource.h; sourceTree = "<group>"; };
		24B562E517001DD300398ED6 /* NRGridViewDelegate.h */ = {isa = PBXFileReference; fileEncoding = 4; lastKnownFileType = sourcecode.c.h; path = NRGridViewDelegate.h; sourceTree = "<group>"; };
		24B562EB17001DD300398ED6 /* JSONKit.h */ = {isa = PBXFileReference; fileEncoding = 4; lastKnownFileType = sourcecode.c.h; path = JSONKit.h; sourceTree = "<group>"; };
		24B562EC17001DD300398ED6 /* JSONKit.m */ = {isa = PBXFileReference; fileEncoding = 4; lastKnownFileType = sourcecode.c.objc; path = JSONKit.m; sourceTree = "<group>"; };
		24B562EE17001DD300398ED6 /* libMobClickLibrary.a */ = {isa = PBXFileReference; lastKnownFileType = archive.ar; path = libMobClickLibrary.a; sourceTree = "<group>"; };
		24B562EF17001DD300398ED6 /* MobClick.h */ = {isa = PBXFileReference; fileEncoding = 4; lastKnownFileType = sourcecode.c.h; path = MobClick.h; sourceTree = "<group>"; };
		24B562F117001DD300398ED6 /* PullArrow.png */ = {isa = PBXFileReference; lastKnownFileType = image.png; path = PullArrow.png; sourceTree = "<group>"; };
		24B562F217001DD300398ED6 /* PullArrow@2x.png */ = {isa = PBXFileReference; lastKnownFileType = image.png; path = "PullArrow@2x.png"; sourceTree = "<group>"; };
		24B562F317001DD300398ED6 /* PullView.h */ = {isa = PBXFileReference; fileEncoding = 4; lastKnownFileType = sourcecode.c.h; path = PullView.h; sourceTree = "<group>"; };
		24B562F417001DD300398ED6 /* PullView.mm */ = {isa = PBXFileReference; fileEncoding = 4; lastKnownFileType = sourcecode.cpp.objcpp; path = PullView.mm; sourceTree = "<group>"; };
		24B562F617001DD300398ED6 /* TabStripBack.png */ = {isa = PBXFileReference; lastKnownFileType = image.png; path = TabStripBack.png; sourceTree = "<group>"; };
		24B562F717001DD300398ED6 /* TabStripButton.h */ = {isa = PBXFileReference; fileEncoding = 4; lastKnownFileType = sourcecode.c.h; path = TabStripButton.h; sourceTree = "<group>"; };
		24B562F817001DD300398ED6 /* TabStripButton.mm */ = {isa = PBXFileReference; fileEncoding = 4; lastKnownFileType = sourcecode.cpp.objcpp; path = TabStripButton.mm; sourceTree = "<group>"; };
		24B562F917001DD300398ED6 /* TabStripLeft.png */ = {isa = PBXFileReference; lastKnownFileType = image.png; path = TabStripLeft.png; sourceTree = "<group>"; };
		24B562FA17001DD300398ED6 /* TabStripOver.png */ = {isa = PBXFileReference; lastKnownFileType = image.png; path = TabStripOver.png; sourceTree = "<group>"; };
		24B562FB17001DD300398ED6 /* TabStripRight.png */ = {isa = PBXFileReference; lastKnownFileType = image.png; path = TabStripRight.png; sourceTree = "<group>"; };
		24B562FC17001DD300398ED6 /* TabStripView.h */ = {isa = PBXFileReference; fileEncoding = 4; lastKnownFileType = sourcecode.c.h; path = TabStripView.h; sourceTree = "<group>"; };
		24B562FD17001DD300398ED6 /* TabStripView.mm */ = {isa = PBXFileReference; fileEncoding = 4; lastKnownFileType = sourcecode.cpp.objcpp; path = TabStripView.mm; sourceTree = "<group>"; };
		24B562FF17001DD300398ED6 /* BitLive.h */ = {isa = PBXFileReference; fileEncoding = 4; lastKnownFileType = sourcecode.c.h; path = BitLive.h; sourceTree = "<group>"; };
		24B5630017001DD300398ED6 /* BitLive.mm */ = {isa = PBXFileReference; fileEncoding = 4; lastKnownFileType = sourcecode.cpp.objcpp; path = BitLive.mm; sourceTree = "<group>"; };
		24B5630317001DD300398ED6 /* NetworkUtil.h */ = {isa = PBXFileReference; fileEncoding = 4; lastKnownFileType = sourcecode.c.h; path = NetworkUtil.h; sourceTree = "<group>"; };
		24B5630417001DD300398ED6 /* NetworkUtil.mm */ = {isa = PBXFileReference; fileEncoding = 4; lastKnownFileType = sourcecode.cpp.objcpp; path = NetworkUtil.mm; sourceTree = "<group>"; };
		24B5630517001DD300398ED6 /* NSUtil.h */ = {isa = PBXFileReference; fileEncoding = 4; lastKnownFileType = sourcecode.c.h; path = NSUtil.h; sourceTree = "<group>"; };
		24B5630617001DD300398ED6 /* NSUtil.mm */ = {isa = PBXFileReference; fileEncoding = 4; lastKnownFileType = sourcecode.cpp.objcpp; path = NSUtil.mm; sourceTree = "<group>"; };
		24B5630717001DD300398ED6 /* SettingUtil.h */ = {isa = PBXFileReference; fileEncoding = 4; lastKnownFileType = sourcecode.c.h; path = SettingUtil.h; sourceTree = "<group>"; };
		24B5630817001DD300398ED6 /* SettingUtil.mm */ = {isa = PBXFileReference; fileEncoding = 4; lastKnownFileType = sourcecode.cpp.objcpp; path = SettingUtil.mm; sourceTree = "<group>"; };
		24B5630917001DD300398ED6 /* UIAddition.h */ = {isa = PBXFileReference; fileEncoding = 4; lastKnownFileType = sourcecode.c.h; path = UIAddition.h; sourceTree = "<group>"; };
		24B5630A17001DD300398ED6 /* UIAddition.mm */ = {isa = PBXFileReference; fileEncoding = 4; lastKnownFileType = sourcecode.cpp.objcpp; path = UIAddition.mm; sourceTree = "<group>"; };
		24B5630B17001DD300398ED6 /* UIUtil.h */ = {isa = PBXFileReference; fileEncoding = 4; lastKnownFileType = sourcecode.c.h; path = UIUtil.h; sourceTree = "<group>"; };
		24B5630C17001DD300398ED6 /* UIUtil.mm */ = {isa = PBXFileReference; fileEncoding = 4; lastKnownFileType = sourcecode.cpp.objcpp; path = UIUtil.mm; sourceTree = "<group>"; };
		24B5630E17001DD300398ED6 /* AlertBox.h */ = {isa = PBXFileReference; fileEncoding = 4; lastKnownFileType = sourcecode.c.h; path = AlertBox.h; sourceTree = "<group>"; };
		24B5630F17001DD300398ED6 /* AlertBox.mm */ = {isa = PBXFileReference; fileEncoding = 4; lastKnownFileType = sourcecode.cpp.objcpp; path = AlertBox.mm; sourceTree = "<group>"; };
		24B5631017001DD300398ED6 /* CacheImageView.h */ = {isa = PBXFileReference; fileEncoding = 4; lastKnownFileType = sourcecode.c.h; path = CacheImageView.h; sourceTree = "<group>"; };
		24B5631117001DD300398ED6 /* CacheImageView.mm */ = {isa = PBXFileReference; fileEncoding = 4; lastKnownFileType = sourcecode.cpp.objcpp; path = CacheImageView.mm; sourceTree = "<group>"; };
		24B5631217001DD300398ED6 /* DelayImageView.h */ = {isa = PBXFileReference; fileEncoding = 4; lastKnownFileType = sourcecode.c.h; path = DelayImageView.h; sourceTree = "<group>"; };
		24B5631317001DD300398ED6 /* DelayImageView.mm */ = {isa = PBXFileReference; fileEncoding = 4; lastKnownFileType = sourcecode.cpp.objcpp; path = DelayImageView.mm; sourceTree = "<group>"; };
		24B5631417001DD300398ED6 /* KBCustomTextField.h */ = {isa = PBXFileReference; fileEncoding = 4; lastKnownFileType = sourcecode.c.h; path = KBCustomTextField.h; sourceTree = "<group>"; };
		24B5631517001DD300398ED6 /* KBCustomTextField.mm */ = {isa = PBXFileReference; fileEncoding = 4; lastKnownFileType = sourcecode.cpp.objcpp; path = KBCustomTextField.mm; sourceTree = "<group>"; };
		24B5631617001DD300398ED6 /* NullView.h */ = {isa = PBXFileReference; fileEncoding = 4; lastKnownFileType = sourcecode.c.h; path = NullView.h; sourceTree = "<group>"; };
		24B5631717001DD300398ED6 /* NullView.mm */ = {isa = PBXFileReference; fileEncoding = 4; lastKnownFileType = sourcecode.cpp.objcpp; path = NullView.mm; sourceTree = "<group>"; };
		24B5631817001DD300398ED6 /* PredictScrollView.h */ = {isa = PBXFileReference; fileEncoding = 4; lastKnownFileType = sourcecode.c.h; path = PredictScrollView.h; sourceTree = "<group>"; };
		24B5631917001DD300398ED6 /* PredictScrollView.mm */ = {isa = PBXFileReference; fileEncoding = 4; lastKnownFileType = sourcecode.cpp.objcpp; path = PredictScrollView.mm; sourceTree = "<group>"; };
		24B5631A17001DD300398ED6 /* SegmentLabel.h */ = {isa = PBXFileReference; fileEncoding = 4; lastKnownFileType = sourcecode.c.h; path = SegmentLabel.h; sourceTree = "<group>"; };
		24B5631B17001DD300398ED6 /* SegmentLabel.mm */ = {isa = PBXFileReference; fileEncoding = 4; lastKnownFileType = sourcecode.cpp.objcpp; path = SegmentLabel.mm; sourceTree = "<group>"; };
		24B5631C17001DD300398ED6 /* TouchView.h */ = {isa = PBXFileReference; fileEncoding = 4; lastKnownFileType = sourcecode.c.h; path = TouchView.h; sourceTree = "<group>"; };
		24B5631D17001DD300398ED6 /* TouchView.mm */ = {isa = PBXFileReference; fileEncoding = 4; lastKnownFileType = sourcecode.cpp.objcpp; path = TouchView.mm; sourceTree = "<group>"; };
		24B5631F17001DD300398ED6 /* BackwardIcon.png */ = {isa = PBXFileReference; lastKnownFileType = image.png; path = BackwardIcon.png; sourceTree = "<group>"; };
		24B5632017001DD300398ED6 /* BackwardIcon@2x.png */ = {isa = PBXFileReference; lastKnownFileType = image.png; path = "BackwardIcon@2x.png"; sourceTree = "<group>"; };
		24B5632117001DD300398ED6 /* ForwardIcon.png */ = {isa = PBXFileReference; lastKnownFileType = image.png; path = ForwardIcon.png; sourceTree = "<group>"; };
		24B5632217001DD300398ED6 /* ForwardIcon@2x.png */ = {isa = PBXFileReference; lastKnownFileType = image.png; path = "ForwardIcon@2x.png"; sourceTree = "<group>"; };
		24B5632317001DD300398ED6 /* WebController.h */ = {isa = PBXFileReference; fileEncoding = 4; lastKnownFileType = sourcecode.c.h; path = WebController.h; sourceTree = "<group>"; };
		24B5632417001DD300398ED6 /* WebController.mm */ = {isa = PBXFileReference; fileEncoding = 4; lastKnownFileType = sourcecode.cpp.objcpp; path = WebController.mm; sourceTree = "<group>"; };
		24B5632617001DD300398ED6 /* crypt.h */ = {isa = PBXFileReference; fileEncoding = 4; lastKnownFileType = sourcecode.c.h; path = crypt.h; sourceTree = "<group>"; };
		24B5632717001DD300398ED6 /* ioapi.c */ = {isa = PBXFileReference; fileEncoding = 4; lastKnownFileType = sourcecode.c.c; path = ioapi.c; sourceTree = "<group>"; };
		24B5632817001DD300398ED6 /* ioapi.h */ = {isa = PBXFileReference; fileEncoding = 4; lastKnownFileType = sourcecode.c.h; path = ioapi.h; sourceTree = "<group>"; };
		24B5632917001DD300398ED6 /* unzip.c */ = {isa = PBXFileReference; fileEncoding = 4; lastKnownFileType = sourcecode.c.c; path = unzip.c; sourceTree = "<group>"; };
		24B5632A17001DD300398ED6 /* unzip.h */ = {isa = PBXFileReference; fileEncoding = 4; lastKnownFileType = sourcecode.c.h; path = unzip.h; sourceTree = "<group>"; };
		24B5632B17001DD300398ED6 /* zip.c */ = {isa = PBXFileReference; fileEncoding = 4; lastKnownFileType = sourcecode.c.c; path = zip.c; sourceTree = "<group>"; };
		24B5632C17001DD300398ED6 /* zip.h */ = {isa = PBXFileReference; fileEncoding = 4; lastKnownFileType = sourcecode.c.h; path = zip.h; sourceTree = "<group>"; };
		24B5632D17001DD300398ED6 /* ZipArchive.h */ = {isa = PBXFileReference; fileEncoding = 4; lastKnownFileType = sourcecode.c.h; path = ZipArchive.h; sourceTree = "<group>"; };
		24B5632E17001DD300398ED6 /* ZipArchive.mm */ = {isa = PBXFileReference; fileEncoding = 4; lastKnownFileType = sourcecode.cpp.objcpp; path = ZipArchive.mm; sourceTree = "<group>"; };
		24B5639017001FA100398ED6 /* AudioToolbox.framework */ = {isa = PBXFileReference; lastKnownFileType = wrapper.framework; name = AudioToolbox.framework; path = System/Library/Frameworks/AudioToolbox.framework; sourceTree = SDKROOT; };
		24B5639217001FB200398ED6 /* libz.dylib */ = {isa = PBXFileReference; lastKnownFileType = "compiled.mach-o.dylib"; name = libz.dylib; path = usr/lib/libz.dylib; sourceTree = SDKROOT; };
		24B563941700201C00398ED6 /* HttpUtil.h */ = {isa = PBXFileReference; fileEncoding = 4; lastKnownFileType = sourcecode.c.h; path = HttpUtil.h; sourceTree = "<group>"; };
		24B563951700201C00398ED6 /* HttpUtil.mm */ = {isa = PBXFileReference; fileEncoding = 4; lastKnownFileType = sourcecode.cpp.objcpp; path = HttpUtil.mm; sourceTree = "<group>"; };
		24B563961700201C00398ED6 /* NullObject.h */ = {isa = PBXFileReference; fileEncoding = 4; lastKnownFileType = sourcecode.c.h; path = NullObject.h; sourceTree = "<group>"; };
		24B563971700201C00398ED6 /* NullObject.mm */ = {isa = PBXFileReference; fileEncoding = 4; lastKnownFileType = sourcecode.cpp.objcpp; path = NullObject.mm; sourceTree = "<group>"; };
/* End PBXFileReference section */

/* Begin PBXFrameworksBuildPhase section */
		248B2CB6141CFC8C0026FD73 /* Frameworks */ = {
			isa = PBXFrameworksBuildPhase;
			buildActionMask = 2147483647;
			files = (
				24B5639317001FB200398ED6 /* libz.dylib in Frameworks */,
				24B5639117001FA100398ED6 /* AudioToolbox.framework in Frameworks */,
				248B2CBE141CFC8C0026FD73 /* UIKit.framework in Frameworks */,
				248B2CC0141CFC8C0026FD73 /* Foundation.framework in Frameworks */,
				248B2CC2141CFC8C0026FD73 /* CoreGraphics.framework in Frameworks */,
				248B2E39141CFEA60026FD73 /* QuartzCore.framework in Frameworks */,
				248B2E3B141CFEBA0026FD73 /* MessageUI.framework in Frameworks */,
				248B2E3D141CFEC40026FD73 /* MediaPlayer.framework in Frameworks */,
				248B2E3F141CFECD0026FD73 /* SystemConfiguration.framework in Frameworks */,
				24B5636E17001DD300398ED6 /* libMobClickLibrary.a in Frameworks */,
			);
			runOnlyForDeploymentPostprocessing = 0;
		};
/* End PBXFrameworksBuildPhase section */

/* Begin PBXGroup section */
		248B2CAE141CFC8C0026FD73 = {
			isa = PBXGroup;
			children = (
				248B2CEB141CFD700026FD73 /* Classes */,
				248B2D08141CFD700026FD73 /* Sources */,
				248B2CF8141CFD700026FD73 /* Resources */,
				248B2CF7141CFD700026FD73 /* Documents */,
				248B2CBC141CFC8C0026FD73 /* Frameworks */,
				248B2CBA141CFC8C0026FD73 /* Products */,
			);
			sourceTree = "<group>";
		};
		248B2CBA141CFC8C0026FD73 /* Products */ = {
			isa = PBXGroup;
			children = (
				248B2CB9141CFC8C0026FD73 /* Sample.app */,
			);
			name = Products;
			sourceTree = "<group>";
		};
		248B2CBC141CFC8C0026FD73 /* Frameworks */ = {
			isa = PBXGroup;
			children = (
				248B2CBD141CFC8C0026FD73 /* UIKit.framework */,
				248B2CBF141CFC8C0026FD73 /* Foundation.framework */,
				248B2CC1141CFC8C0026FD73 /* CoreGraphics.framework */,
				248B2E38141CFEA60026FD73 /* QuartzCore.framework */,
				248B2E3A141CFEBA0026FD73 /* MessageUI.framework */,
				248B2E3C141CFEC40026FD73 /* MediaPlayer.framework */,
				24B5639017001FA100398ED6 /* AudioToolbox.framework */,
				248B2E3E141CFECD0026FD73 /* SystemConfiguration.framework */,
				24B5639217001FB200398ED6 /* libz.dylib */,
			);
			name = Frameworks;
			sourceTree = "<group>";
		};
		248B2CEB141CFD700026FD73 /* Classes */ = {
			isa = PBXGroup;
			children = (
				248B2CEE141CFD700026FD73 /* Controller */,
				248B2CF1141CFD700026FD73 /* Model */,
				248B2CF4141CFD700026FD73 /* View */,
				248B2CEC141CFD700026FD73 /* AppDelegate.h */,
				248B2CED141CFD700026FD73 /* AppDelegate.mm */,
			);
			path = Classes;
			sourceTree = "<group>";
		};
		248B2CEE141CFD700026FD73 /* Controller */ = {
			isa = PBXGroup;
			children = (
			);
			path = Controller;
			sourceTree = "<group>";
		};
		248B2CF1141CFD700026FD73 /* Model */ = {
			isa = PBXGroup;
			children = (
			);
			path = Model;
			sourceTree = "<group>";
		};
		248B2CF4141CFD700026FD73 /* View */ = {
			isa = PBXGroup;
			children = (
			);
			path = View;
			sourceTree = "<group>";
		};
		248B2CF7141CFD700026FD73 /* Documents */ = {
			isa = PBXGroup;
			children = (
			);
			path = Documents;
			sourceTree = "<group>";
		};
		248B2CF8141CFD700026FD73 /* Resources */ = {
			isa = PBXGroup;
			children = (
				248B2E37141CFE360026FD73 /* GenString */,
				248B2D03141CFD700026FD73 /* Info.plist */,
				248B2CFC141CFD700026FD73 /* InfoPlist.strings */,
				248B2CFE141CFD700026FD73 /* Localizable.strings */,
				248B2D00141CFD700026FD73 /* Icon.png */,
				248B2D01141CFD700026FD73 /* Icon@2x.png */,
				248B2D02141CFD700026FD73 /* Icon@iPad.png */,
				248B2CF9141CFD700026FD73 /* Default.png */,
				248B2CFA141CFD700026FD73 /* Default@2x.png */,
				248B2CFB141CFD700026FD73 /* Default@iPad.png */,
				246D4FF016280F700028E899 /* Default-568h@2x.png */,
			);
			path = Resources;
			sourceTree = "<group>";
		};
		248B2D08141CFD700026FD73 /* Sources */ = {
			isa = PBXGroup;
			children = (
				24B562FE17001DD300398ED6 /* Util */,
				24B5630D17001DD300398ED6 /* View */,
				24B562C717001DD300398ED6 /* Controller */,
				24B562D017001DD300398ED6 /* FoldPane */,
				24B562DC17001DD300398ED6 /* GridView */,
				24B562EA17001DD300398ED6 /* JSONKit */,
				24B562ED17001DD300398ED6 /* MobClick */,
				24B562F017001DD300398ED6 /* PullView */,
				24B562F517001DD300398ED6 /* TabStrip */,
				24B5631E17001DD300398ED6 /* WebController */,
				24B5632517001DD300398ED6 /* ZipArchive */,
				248B2D92141CFD700026FD73 /* Main.mm */,
				248B2D97141CFD700026FD73 /* Prefix.pch */,
				248B2DA6141CFD700026FD73 /* UniBase.h */,
			);
			path = Sources;
			sourceTree = "<group>";
		};
		24B562C717001DD300398ED6 /* Controller */ = {
			isa = PBXGroup;
			children = (
				24B562C817001DD300398ED6 /* MoviePlayer.h */,
				24B562C917001DD300398ED6 /* MoviePlayer.mm */,
				24B562CA17001DD300398ED6 /* NullController.h */,
				24B562CB17001DD300398ED6 /* NullController.mm */,
				24B562CC17001DD300398ED6 /* SelectController.h */,
				24B562CD17001DD300398ED6 /* SelectController.mm */,
				24B562CE17001DD300398ED6 /* ShareComposer.h */,
				24B562CF17001DD300398ED6 /* ShareComposer.mm */,
			);
			path = Controller;
			sourceTree = "<group>";
		};
		24B562D017001DD300398ED6 /* FoldPane */ = {
			isa = PBXGroup;
			children = (
				24B562D117001DD300398ED6 /* FacingView.h */,
				24B562D217001DD300398ED6 /* FacingView.m */,
				24B562D317001DD300398ED6 /* FoldBeep.wav */,
				24B562D417001DD300398ED6 /* FoldPane.h */,
				24B562D517001DD300398ED6 /* FoldPane.mm */,
				24B562D617001DD300398ED6 /* FoldView.h */,
				24B562D717001DD300398ED6 /* FoldView.m */,
				24B562D817001DD300398ED6 /* FoldViews.h */,
				24B562D917001DD300398ED6 /* FoldViews.mm */,
				24B562DA17001DD300398ED6 /* ShadowView.h */,
				24B562DB17001DD300398ED6 /* ShadowView.m */,
			);
			path = FoldPane;
			sourceTree = "<group>";
		};
		24B562DC17001DD300398ED6 /* GridView */ = {
			isa = PBXGroup;
			children = (
				24B562DD17001DD300398ED6 /* NRGridConstants.h */,
				24B562DE17001DD300398ED6 /* NRGridView.h */,
				24B562DF17001DD300398ED6 /* NRGridView.m */,
				24B562E017001DD300398ED6 /* NRGridViewCell.h */,
				24B562E117001DD300398ED6 /* NRGridViewCell.m */,
				24B562E217001DD300398ED6 /* NRGridViewController.h */,
				24B562E317001DD300398ED6 /* NRGridViewController.m */,
				24B562E417001DD300398ED6 /* NRGridViewDataSource.h */,
				24B562E517001DD300398ED6 /* NRGridViewDelegate.h */,
			);
			path = GridView;
			sourceTree = "<group>";
		};
		24B562EA17001DD300398ED6 /* JSONKit */ = {
			isa = PBXGroup;
			children = (
				24B562EB17001DD300398ED6 /* JSONKit.h */,
				24B562EC17001DD300398ED6 /* JSONKit.m */,
			);
			path = JSONKit;
			sourceTree = "<group>";
		};
		24B562ED17001DD300398ED6 /* MobClick */ = {
			isa = PBXGroup;
			children = (
				24B562EE17001DD300398ED6 /* libMobClickLibrary.a */,
				24B562EF17001DD300398ED6 /* MobClick.h */,
			);
			path = MobClick;
			sourceTree = "<group>";
		};
		24B562F017001DD300398ED6 /* PullView */ = {
			isa = PBXGroup;
			children = (
				24B562F117001DD300398ED6 /* PullArrow.png */,
				24B562F217001DD300398ED6 /* PullArrow@2x.png */,
				24B562F317001DD300398ED6 /* PullView.h */,
				24B562F417001DD300398ED6 /* PullView.mm */,
			);
			path = PullView;
			sourceTree = "<group>";
		};
		24B562F517001DD300398ED6 /* TabStrip */ = {
			isa = PBXGroup;
			children = (
				24B562F617001DD300398ED6 /* TabStripBack.png */,
				24B562F717001DD300398ED6 /* TabStripButton.h */,
				24B562F817001DD300398ED6 /* TabStripButton.mm */,
				24B562F917001DD300398ED6 /* TabStripLeft.png */,
				24B562FA17001DD300398ED6 /* TabStripOver.png */,
				24B562FB17001DD300398ED6 /* TabStripRight.png */,
				24B562FC17001DD300398ED6 /* TabStripView.h */,
				24B562FD17001DD300398ED6 /* TabStripView.mm */,
			);
			path = TabStrip;
			sourceTree = "<group>";
		};
		24B562FE17001DD300398ED6 /* Util */ = {
			isa = PBXGroup;
			children = (
				24B563941700201C00398ED6 /* HttpUtil.h */,
				24B563951700201C00398ED6 /* HttpUtil.mm */,
				24B563961700201C00398ED6 /* NullObject.h */,
				24B563971700201C00398ED6 /* NullObject.mm */,
				24B562FF17001DD300398ED6 /* BitLive.h */,
				24B5630017001DD300398ED6 /* BitLive.mm */,
				24B5630317001DD300398ED6 /* NetworkUtil.h */,
				24B5630417001DD300398ED6 /* NetworkUtil.mm */,
				24B5630517001DD300398ED6 /* NSUtil.h */,
				24B5630617001DD300398ED6 /* NSUtil.mm */,
				24B5630717001DD300398ED6 /* SettingUtil.h */,
				24B5630817001DD300398ED6 /* SettingUtil.mm */,
				24B5630917001DD300398ED6 /* UIAddition.h */,
				24B5630A17001DD300398ED6 /* UIAddition.mm */,
				24B5630B17001DD300398ED6 /* UIUtil.h */,
				24B5630C17001DD300398ED6 /* UIUtil.mm */,
			);
			path = Util;
			sourceTree = "<group>";
		};
		24B5630D17001DD300398ED6 /* View */ = {
			isa = PBXGroup;
			children = (
				24B5630E17001DD300398ED6 /* AlertBox.h */,
				24B5630F17001DD300398ED6 /* AlertBox.mm */,
				24B5631017001DD300398ED6 /* CacheImageView.h */,
				24B5631117001DD300398ED6 /* CacheImageView.mm */,
				24B5631217001DD300398ED6 /* DelayImageView.h */,
				24B5631317001DD300398ED6 /* DelayImageView.mm */,
				24B5631417001DD300398ED6 /* KBCustomTextField.h */,
				24B5631517001DD300398ED6 /* KBCustomTextField.mm */,
				24B5631617001DD300398ED6 /* NullView.h */,
				24B5631717001DD300398ED6 /* NullView.mm */,
				24B5631817001DD300398ED6 /* PredictScrollView.h */,
				24B5631917001DD300398ED6 /* PredictScrollView.mm */,
				24B5631A17001DD300398ED6 /* SegmentLabel.h */,
				24B5631B17001DD300398ED6 /* SegmentLabel.mm */,
				24B5631C17001DD300398ED6 /* TouchView.h */,
				24B5631D17001DD300398ED6 /* TouchView.mm */,
			);
			path = View;
			sourceTree = "<group>";
		};
		24B5631E17001DD300398ED6 /* WebController */ = {
			isa = PBXGroup;
			children = (
				24B5631F17001DD300398ED6 /* BackwardIcon.png */,
				24B5632017001DD300398ED6 /* BackwardIcon@2x.png */,
				24B5632117001DD300398ED6 /* ForwardIcon.png */,
				24B5632217001DD300398ED6 /* ForwardIcon@2x.png */,
				24B5632317001DD300398ED6 /* WebController.h */,
				24B5632417001DD300398ED6 /* WebController.mm */,
			);
			path = WebController;
			sourceTree = "<group>";
		};
		24B5632517001DD300398ED6 /* ZipArchive */ = {
			isa = PBXGroup;
			children = (
				24B5632617001DD300398ED6 /* crypt.h */,
				24B5632717001DD300398ED6 /* ioapi.c */,
				24B5632817001DD300398ED6 /* ioapi.h */,
				24B5632917001DD300398ED6 /* unzip.c */,
				24B5632A17001DD300398ED6 /* unzip.h */,
				24B5632B17001DD300398ED6 /* zip.c */,
				24B5632C17001DD300398ED6 /* zip.h */,
				24B5632D17001DD300398ED6 /* ZipArchive.h */,
				24B5632E17001DD300398ED6 /* ZipArchive.mm */,
			);
			path = ZipArchive;
			sourceTree = "<group>";
		};
/* End PBXGroup section */

/* Begin PBXNativeTarget section */
		248B2CB8141CFC8C0026FD73 /* Sample */ = {
			isa = PBXNativeTarget;
			buildConfigurationList = 248B2CDF141CFC8C0026FD73 /* Build configuration list for PBXNativeTarget "Sample" */;
			buildPhases = (
				248B2CB5141CFC8C0026FD73 /* Sources */,
				248B2CB6141CFC8C0026FD73 /* Frameworks */,
				248B2CB7141CFC8C0026FD73 /* Resources */,
			);
			buildRules = (
			);
			dependencies = (
			);
			name = Sample;
			productName = Sample;
			productReference = 248B2CB9141CFC8C0026FD73 /* Sample.app */;
			productType = "com.apple.product-type.application";
		};
/* End PBXNativeTarget section */

/* Begin PBXProject section */
		248B2CB0141CFC8C0026FD73 /* Project object */ = {
			isa = PBXProject;
			attributes = {
				LastUpgradeCheck = 0430;
			};
			buildConfigurationList = 248B2CB3141CFC8C0026FD73 /* Build configuration list for PBXProject "Sample" */;
			compatibilityVersion = "Xcode 3.2";
			developmentRegion = English;
			hasScannedForEncodings = 0;
			knownRegions = (
				en,
				English,
				"zh-Hans",
				"zh-Hant",
			);
			mainGroup = 248B2CAE141CFC8C0026FD73;
			productRefGroup = 248B2CBA141CFC8C0026FD73 /* Products */;
			projectDirPath = "";
			projectRoot = "";
			targets = (
				248B2CB8141CFC8C0026FD73 /* Sample */,
			);
		};
/* End PBXProject section */

/* Begin PBXResourcesBuildPhase section */
		248B2CB7141CFC8C0026FD73 /* Resources */ = {
			isa = PBXResourcesBuildPhase;
			buildActionMask = 2147483647;
			files = (
				248B2DD3141CFD700026FD73 /* Default.png in Resources */,
				248B2DD4141CFD700026FD73 /* Default@2x.png in Resources */,
				248B2DD5141CFD700026FD73 /* Default@iPad.png in Resources */,
				248B2DD6141CFD700026FD73 /* InfoPlist.strings in Resources */,
				248B2DD7141CFD700026FD73 /* Localizable.strings in Resources */,
				248B2DD8141CFD700026FD73 /* Icon.png in Resources */,
				248B2DD9141CFD700026FD73 /* Icon@2x.png in Resources */,
				248B2DDA141CFD700026FD73 /* Icon@iPad.png in Resources */,
				246D4FF116280F700028E899 /* Default-568h@2x.png in Resources */,
				24B5636317001DD300398ED6 /* FoldBeep.wav in Resources */,
				24B5636F17001DD300398ED6 /* PullArrow.png in Resources */,
				24B5637017001DD300398ED6 /* PullArrow@2x.png in Resources */,
				24B5637217001DD300398ED6 /* TabStripBack.png in Resources */,
				24B5637417001DD300398ED6 /* TabStripLeft.png in Resources */,
				24B5637517001DD300398ED6 /* TabStripOver.png in Resources */,
				24B5637617001DD300398ED6 /* TabStripRight.png in Resources */,
				24B5638717001DD300398ED6 /* BackwardIcon.png in Resources */,
				24B5638817001DD300398ED6 /* BackwardIcon@2x.png in Resources */,
				24B5638917001DD300398ED6 /* ForwardIcon.png in Resources */,
				24B5638A17001DD300398ED6 /* ForwardIcon@2x.png in Resources */,
			);
			runOnlyForDeploymentPostprocessing = 0;
		};
/* End PBXResourcesBuildPhase section */

/* Begin PBXSourcesBuildPhase section */
		248B2CB5141CFC8C0026FD73 /* Sources */ = {
			isa = PBXSourcesBuildPhase;
			buildActionMask = 2147483647;
			files = (
				248B2DCF141CFD700026FD73 /* AppDelegate.mm in Sources */,
				248B2E17141CFD700026FD73 /* Main.mm in Sources */,
				24B5635E17001DD300398ED6 /* MoviePlayer.mm in Sources */,
				24B5635F17001DD300398ED6 /* NullController.mm in Sources */,
				24B5636017001DD300398ED6 /* SelectController.mm in Sources */,
				24B5636117001DD300398ED6 /* ShareComposer.mm in Sources */,
				24B5636217001DD300398ED6 /* FacingView.m in Sources */,
				24B5636417001DD300398ED6 /* FoldPane.mm in Sources */,
				24B5636517001DD300398ED6 /* FoldView.m in Sources */,
				24B5636617001DD300398ED6 /* FoldViews.mm in Sources */,
				24B5636717001DD300398ED6 /* ShadowView.m in Sources */,
				24B5636817001DD300398ED6 /* NRGridView.m in Sources */,
				24B5636917001DD300398ED6 /* NRGridViewCell.m in Sources */,
				24B5636A17001DD300398ED6 /* NRGridViewController.m in Sources */,
				24B5636D17001DD300398ED6 /* JSONKit.m in Sources */,
				24B5637117001DD300398ED6 /* PullView.mm in Sources */,
				24B5637317001DD300398ED6 /* TabStripButton.mm in Sources */,
				24B5637717001DD300398ED6 /* TabStripView.mm in Sources */,
				24B5637817001DD300398ED6 /* BitLive.mm in Sources */,
				24B5637A17001DD300398ED6 /* NetworkUtil.mm in Sources */,
				24B5637B17001DD300398ED6 /* NSUtil.mm in Sources */,
				24B5637C17001DD300398ED6 /* SettingUtil.mm in Sources */,
				24B5637D17001DD300398ED6 /* UIAddition.mm in Sources */,
				24B5637E17001DD300398ED6 /* UIUtil.mm in Sources */,
				24B5637F17001DD300398ED6 /* AlertBox.mm in Sources */,
				24B5638017001DD300398ED6 /* CacheImageView.mm in Sources */,
				24B5638117001DD300398ED6 /* DelayImageView.mm in Sources */,
				24B5638217001DD300398ED6 /* KBCustomTextField.mm in Sources */,
				24B5638317001DD300398ED6 /* NullView.mm in Sources */,
				24B5638417001DD300398ED6 /* PredictScrollView.mm in Sources */,
				24B5638517001DD300398ED6 /* SegmentLabel.mm in Sources */,
				24B5638617001DD300398ED6 /* TouchView.mm in Sources */,
				24B5638B17001DD300398ED6 /* WebController.mm in Sources */,
				24B5638C17001DD300398ED6 /* ioapi.c in Sources */,
				24B5638D17001DD300398ED6 /* unzip.c in Sources */,
				24B5638E17001DD300398ED6 /* zip.c in Sources */,
				24B5638F17001DD300398ED6 /* ZipArchive.mm in Sources */,
				24B563981700201C00398ED6 /* HttpUtil.mm in Sources */,
				24B563991700201C00398ED6 /* NullObject.mm in Sources */,
			);
			runOnlyForDeploymentPostprocessing = 0;
		};
/* End PBXSourcesBuildPhase section */

/* Begin PBXVariantGroup section */
		248B2CFC141CFD700026FD73 /* InfoPlist.strings */ = {
			isa = PBXVariantGroup;
			children = (
				248B2CFD141CFD700026FD73 /* English */,
				248B2D04141CFD700026FD73 /* zh-Hans */,
				248B2D06141CFD700026FD73 /* zh-Hant */,
			);
			name = InfoPlist.strings;
			sourceTree = "<group>";
		};
		248B2CFE141CFD700026FD73 /* Localizable.strings */ = {
			isa = PBXVariantGroup;
			children = (
				248B2CFF141CFD700026FD73 /* English */,
				248B2D05141CFD700026FD73 /* zh-Hans */,
				248B2D07141CFD700026FD73 /* zh-Hant */,
			);
			name = Localizable.strings;
			sourceTree = "<group>";
		};
/* End PBXVariantGroup section */

/* Begin XCBuildConfiguration section */
		248B2CDD141CFC8C0026FD73 /* Debug */ = {
			isa = XCBuildConfiguration;
			buildSettings = {
				ARCHS = "$(ARCHS_STANDARD_32_BIT)";
				"CODE_SIGN_IDENTITY[sdk=iphoneos*]" = "iPhone Developer";
				COPY_PHASE_STRIP = NO;
				GCC_C_LANGUAGE_STANDARD = gnu99;
				GCC_OPTIMIZATION_LEVEL = 0;
				GCC_PRECOMPILE_PREFIX_HEADER = YES;
				GCC_PREFIX_HEADER = Sources/Prefix.pch;
				GCC_PREPROCESSOR_DEFINITIONS = (
					_DEBUG,
					"DEBUG=1",
					"$(inherited)",
				);
				GCC_SYMBOLS_PRIVATE_EXTERN = NO;
				GCC_WARN_ABOUT_MISSING_PROTOTYPES = YES;
				GCC_WARN_ABOUT_RETURN_TYPE = YES;
				GCC_WARN_UNUSED_VARIABLE = YES;
				INFOPLIST_FILE = Resources/Info.plist;
				IPHONEOS_DEPLOYMENT_TARGET = 4.0;
				ONLY_ACTIVE_ARCH = YES;
				PRODUCT_NAME = Sample;
				SDKROOT = iphoneos;
				TARGETED_DEVICE_FAMILY = "1,2";
			};
			name = Debug;
		};
		248B2CDE141CFC8C0026FD73 /* Release */ = {
			isa = XCBuildConfiguration;
			buildSettings = {
				ARCHS = "$(ARCHS_STANDARD_32_BIT)";
				"CODE_SIGN_IDENTITY[sdk=iphoneos*]" = "iPhone Developer";
				COPY_PHASE_STRIP = YES;
				GCC_C_LANGUAGE_STANDARD = gnu99;
				GCC_PRECOMPILE_PREFIX_HEADER = YES;
				GCC_PREFIX_HEADER = Sources/Prefix.pch;
				GCC_WARN_ABOUT_MISSING_PROTOTYPES = YES;
				GCC_WARN_ABOUT_RETURN_TYPE = YES;
				GCC_WARN_UNUSED_VARIABLE = YES;
				INFOPLIST_FILE = Resources/Info.plist;
				IPHONEOS_DEPLOYMENT_TARGET = 4.0;
				ONLY_ACTIVE_ARCH = YES;
				OTHER_CFLAGS = "-DNS_BLOCK_ASSERTIONS=1";
				PRODUCT_NAME = Sample;
				SDKROOT = iphoneos;
				TARGETED_DEVICE_FAMILY = "1,2";
				VALIDATE_PRODUCT = YES;
			};
			name = Release;
		};
		248B2CE0141CFC8C0026FD73 /* Debug */ = {
			isa = XCBuildConfiguration;
			buildSettings = {
				LIBRARY_SEARCH_PATHS = (
					"$(inherited)",
					"\"$(SRCROOT)/Sources/MobClick\"",
				);
			};
			name = Debug;
		};
		248B2CE1141CFC8C0026FD73 /* Release */ = {
			isa = XCBuildConfiguration;
			buildSettings = {
				LIBRARY_SEARCH_PATHS = (
					"$(inherited)",
					"\"$(SRCROOT)/Sources/MobClick\"",
				);
			};
			name = Release;
		};
/* End XCBuildConfiguration section */

/* Begin XCConfigurationList section */
		248B2CB3141CFC8C0026FD73 /* Build configuration list for PBXProject "Sample" */ = {
			isa = XCConfigurationList;
			buildConfigurations = (
				248B2CDD141CFC8C0026FD73 /* Debug */,
				248B2CDE141CFC8C0026FD73 /* Release */,
			);
			defaultConfigurationIsVisible = 0;
			defaultConfigurationName = Release;
		};
		248B2CDF141CFC8C0026FD73 /* Build configuration list for PBXNativeTarget "Sample" */ = {
			isa = XCConfigurationList;
			buildConfigurations = (
				248B2CE0141CFC8C0026FD73 /* Debug */,
				248B2CE1141CFC8C0026FD73 /* Release */,
			);
			defaultConfigurationIsVisible = 0;
			defaultConfigurationName = Release;
		};
/* End XCConfigurationList section */
	};
	rootObject = 248B2CB0141CFC8C0026FD73 /* Project object */;
}
