// !$*UTF8*$!
{
	archiveVersion = 1;
	classes = {
	};
	objectVersion = 46;
	objects = {

/* Begin PBXBuildFile section */
		248B2CBE141CFC8C0026FD73 /* UIKit.framework in Frameworks */ = {isa = PBXBuildFile; fileRef = 248B2CBD141CFC8C0026FD73 /* UIKit.framework */; };
		248B2CC0141CFC8C0026FD73 /* Foundation.framework in Frameworks */ = {isa = PBXBuildFile; fileRef = 248B2CBF141CFC8C0026FD73 /* Foundation.framework */; };
		248B2CC2141CFC8C0026FD73 /* CoreGraphics.framework in Frameworks */ = {isa = PBXBuildFile; fileRef = 248B2CC1141CFC8C0026FD73 /* CoreGraphics.framework */; };
		248B2DCF141CFD700026FD73 /* AppDelegate.mm in Sources */ = {isa = PBXBuildFile; fileRef = 248B2CED141CFD700026FD73 /* AppDelegate.mm */; };
		248B2DD0141CFD700026FD73 /* NullController.mm in Sources */ = {isa = PBXBuildFile; fileRef = 248B2CF0141CFD700026FD73 /* NullController.mm */; };
		248B2DD1141CFD700026FD73 /* NullObject.mm in Sources */ = {isa = PBXBuildFile; fileRef = 248B2CF3141CFD700026FD73 /* NullObject.mm */; };
		248B2DD2141CFD700026FD73 /* NullView.mm in Sources */ = {isa = PBXBuildFile; fileRef = 248B2CF6141CFD700026FD73 /* NullView.mm */; };
		248B2DD3141CFD700026FD73 /* Default.png in Resources */ = {isa = PBXBuildFile; fileRef = 248B2CF9141CFD700026FD73 /* Default.png */; };
		248B2DD4141CFD700026FD73 /* Default@2x.png in Resources */ = {isa = PBXBuildFile; fileRef = 248B2CFA141CFD700026FD73 /* Default@2x.png */; };
		248B2DD5141CFD700026FD73 /* Default@iPad.png in Resources */ = {isa = PBXBuildFile; fileRef = 248B2CFB141CFD700026FD73 /* Default@iPad.png */; };
		248B2DD6141CFD700026FD73 /* InfoPlist.strings in Resources */ = {isa = PBXBuildFile; fileRef = 248B2CFC141CFD700026FD73 /* InfoPlist.strings */; };
		248B2DD7141CFD700026FD73 /* Localizable.strings in Resources */ = {isa = PBXBuildFile; fileRef = 248B2CFE141CFD700026FD73 /* Localizable.strings */; };
		248B2DD8141CFD700026FD73 /* Icon.png in Resources */ = {isa = PBXBuildFile; fileRef = 248B2D00141CFD700026FD73 /* Icon.png */; };
		248B2DD9141CFD700026FD73 /* Icon@2x.png in Resources */ = {isa = PBXBuildFile; fileRef = 248B2D01141CFD700026FD73 /* Icon@2x.png */; };
		248B2DDA141CFD700026FD73 /* Icon@iPad.png in Resources */ = {isa = PBXBuildFile; fileRef = 248B2D02141CFD700026FD73 /* Icon@iPad.png */; };
		248B2E0B141CFD700026FD73 /* MoviePlayer.mm in Sources */ = {isa = PBXBuildFile; fileRef = 248B2D76141CFD700026FD73 /* MoviePlayer.mm */; };
		248B2E0C141CFD700026FD73 /* SelectController.mm in Sources */ = {isa = PBXBuildFile; fileRef = 248B2D78141CFD700026FD73 /* SelectController.mm */; };
		248B2E0D141CFD700026FD73 /* ShareComposer.mm in Sources */ = {isa = PBXBuildFile; fileRef = 248B2D7A141CFD700026FD73 /* ShareComposer.mm */; };
		248B2E12141CFD700026FD73 /* NSObject+SBJSON.m in Sources */ = {isa = PBXBuildFile; fileRef = 248B2D89141CFD700026FD73 /* NSObject+SBJSON.m */; };
		248B2E13141CFD700026FD73 /* NSString+SBJSON.m in Sources */ = {isa = PBXBuildFile; fileRef = 248B2D8B141CFD700026FD73 /* NSString+SBJSON.m */; };
		248B2E14141CFD700026FD73 /* SBJsonBase.m in Sources */ = {isa = PBXBuildFile; fileRef = 248B2D8D141CFD700026FD73 /* SBJsonBase.m */; };
		248B2E15141CFD700026FD73 /* SBJsonParser.m in Sources */ = {isa = PBXBuildFile; fileRef = 248B2D8F141CFD700026FD73 /* SBJsonParser.m */; };
		248B2E16141CFD700026FD73 /* SBJsonWriter.m in Sources */ = {isa = PBXBuildFile; fileRef = 248B2D91141CFD700026FD73 /* SBJsonWriter.m */; };
		248B2E17141CFD700026FD73 /* Main.mm in Sources */ = {isa = PBXBuildFile; fileRef = 248B2D92141CFD700026FD73 /* Main.mm */; };
		248B2E19141CFD700026FD73 /* PullArrow.png in Resources */ = {isa = PBXBuildFile; fileRef = 248B2D99141CFD700026FD73 /* PullArrow.png */; };
		248B2E1A141CFD700026FD73 /* PullArrow@2x.png in Resources */ = {isa = PBXBuildFile; fileRef = 248B2D9A141CFD700026FD73 /* PullArrow@2x.png */; };
		248B2E1B141CFD700026FD73 /* PullView.mm in Sources */ = {isa = PBXBuildFile; fileRef = 248B2D9C141CFD700026FD73 /* PullView.mm */; };
		248B2E1C141CFD700026FD73 /* TabStripBack.png in Resources */ = {isa = PBXBuildFile; fileRef = 248B2D9E141CFD700026FD73 /* TabStripBack.png */; };
		248B2E1D141CFD700026FD73 /* TabStripButton.mm in Sources */ = {isa = PBXBuildFile; fileRef = 248B2DA0141CFD700026FD73 /* TabStripButton.mm */; };
		248B2E1E141CFD700026FD73 /* TabStripLeft.png in Resources */ = {isa = PBXBuildFile; fileRef = 248B2DA1141CFD700026FD73 /* TabStripLeft.png */; };
		248B2E1F141CFD700026FD73 /* TabStripOver.png in Resources */ = {isa = PBXBuildFile; fileRef = 248B2DA2141CFD700026FD73 /* TabStripOver.png */; };
		248B2E20141CFD700026FD73 /* TabStripRight.png in Resources */ = {isa = PBXBuildFile; fileRef = 248B2DA3141CFD700026FD73 /* TabStripRight.png */; };
		248B2E21141CFD700026FD73 /* TabStripView.mm in Sources */ = {isa = PBXBuildFile; fileRef = 248B2DA5141CFD700026FD73 /* TabStripView.mm */; };
		248B2E22141CFD700026FD73 /* DownloadUtil.mm in Sources */ = {isa = PBXBuildFile; fileRef = 248B2DAA141CFD700026FD73 /* DownloadUtil.mm */; };
		248B2E23141CFD700026FD73 /* NetworkUtil.mm in Sources */ = {isa = PBXBuildFile; fileRef = 248B2DAC141CFD700026FD73 /* NetworkUtil.mm */; };
		248B2E24141CFD700026FD73 /* NSUtil.mm in Sources */ = {isa = PBXBuildFile; fileRef = 248B2DAE141CFD700026FD73 /* NSUtil.mm */; };
		248B2E25141CFD700026FD73 /* SettingUtil.mm in Sources */ = {isa = PBXBuildFile; fileRef = 248B2DB0141CFD700026FD73 /* SettingUtil.mm */; };
		248B2E26141CFD700026FD73 /* UIAddition.mm in Sources */ = {isa = PBXBuildFile; fileRef = 248B2DB2141CFD700026FD73 /* UIAddition.mm */; };
		248B2E27141CFD700026FD73 /* UIUtil.mm in Sources */ = {isa = PBXBuildFile; fileRef = 248B2DB4141CFD700026FD73 /* UIUtil.mm */; };
		248B2E28141CFD700026FD73 /* DelayImageView.mm in Sources */ = {isa = PBXBuildFile; fileRef = 248B2DB7141CFD700026FD73 /* DelayImageView.mm */; };
		248B2E29141CFD700026FD73 /* KBCustomTextField.mm in Sources */ = {isa = PBXBuildFile; fileRef = 248B2DB9141CFD700026FD73 /* KBCustomTextField.mm */; };
		248B2E2A141CFD700026FD73 /* PredictScrollView.mm in Sources */ = {isa = PBXBuildFile; fileRef = 248B2DBB141CFD700026FD73 /* PredictScrollView.mm */; };
		248B2E2B141CFD700026FD73 /* TouchView.mm in Sources */ = {isa = PBXBuildFile; fileRef = 248B2DBD141CFD700026FD73 /* TouchView.mm */; };
		248B2E2C141CFD700026FD73 /* BackwardIcon.png in Resources */ = {isa = PBXBuildFile; fileRef = 248B2DBF141CFD700026FD73 /* BackwardIcon.png */; };
		248B2E2D141CFD700026FD73 /* BackwardIcon@2x.png in Resources */ = {isa = PBXBuildFile; fileRef = 248B2DC0141CFD700026FD73 /* BackwardIcon@2x.png */; };
		248B2E2E141CFD700026FD73 /* ForwardIcon.png in Resources */ = {isa = PBXBuildFile; fileRef = 248B2DC1141CFD700026FD73 /* ForwardIcon.png */; };
		248B2E2F141CFD700026FD73 /* ForwardIcon@2x.png in Resources */ = {isa = PBXBuildFile; fileRef = 248B2DC2141CFD700026FD73 /* ForwardIcon@2x.png */; };
		248B2E30141CFD700026FD73 /* WebController.mm in Sources */ = {isa = PBXBuildFile; fileRef = 248B2DC4141CFD700026FD73 /* WebController.mm */; };
		248B2E39141CFEA60026FD73 /* QuartzCore.framework in Frameworks */ = {isa = PBXBuildFile; fileRef = 248B2E38141CFEA60026FD73 /* QuartzCore.framework */; };
		248B2E3B141CFEBA0026FD73 /* MessageUI.framework in Frameworks */ = {isa = PBXBuildFile; fileRef = 248B2E3A141CFEBA0026FD73 /* MessageUI.framework */; settings = {ATTRIBUTES = (Weak, ); }; };
		248B2E3D141CFEC40026FD73 /* MediaPlayer.framework in Frameworks */ = {isa = PBXBuildFile; fileRef = 248B2E3C141CFEC40026FD73 /* MediaPlayer.framework */; };
		248B2E3F141CFECD0026FD73 /* SystemConfiguration.framework in Frameworks */ = {isa = PBXBuildFile; fileRef = 248B2E3E141CFECD0026FD73 /* SystemConfiguration.framework */; };
/* End PBXBuildFile section */

/* Begin PBXFileReference section */
		248B2CB9141CFC8C0026FD73 /* Sample.app */ = {isa = PBXFileReference; explicitFileType = wrapper.application; includeInIndex = 0; path = Sample.app; sourceTree = BUILT_PRODUCTS_DIR; };
		248B2CBD141CFC8C0026FD73 /* UIKit.framework */ = {isa = PBXFileReference; lastKnownFileType = wrapper.framework; name = UIKit.framework; path = System/Library/Frameworks/UIKit.framework; sourceTree = SDKROOT; };
		248B2CBF141CFC8C0026FD73 /* Foundation.framework */ = {isa = PBXFileReference; lastKnownFileType = wrapper.framework; name = Foundation.framework; path = System/Library/Frameworks/Foundation.framework; sourceTree = SDKROOT; };
		248B2CC1141CFC8C0026FD73 /* CoreGraphics.framework */ = {isa = PBXFileReference; lastKnownFileType = wrapper.framework; name = CoreGraphics.framework; path = System/Library/Frameworks/CoreGraphics.framework; sourceTree = SDKROOT; };
		248B2CEC141CFD700026FD73 /* AppDelegate.h */ = {isa = PBXFileReference; fileEncoding = 4; lastKnownFileType = sourcecode.c.h; path = AppDelegate.h; sourceTree = "<group>"; };
		248B2CED141CFD700026FD73 /* AppDelegate.mm */ = {isa = PBXFileReference; fileEncoding = 4; lastKnownFileType = sourcecode.cpp.objcpp; path = AppDelegate.mm; sourceTree = "<group>"; };
		248B2CEF141CFD700026FD73 /* NullController.h */ = {isa = PBXFileReference; fileEncoding = 4; lastKnownFileType = sourcecode.c.h; path = NullController.h; sourceTree = "<group>"; };
		248B2CF0141CFD700026FD73 /* NullController.mm */ = {isa = PBXFileReference; fileEncoding = 4; lastKnownFileType = sourcecode.cpp.objcpp; path = NullController.mm; sourceTree = "<group>"; };
		248B2CF2141CFD700026FD73 /* NullObject.h */ = {isa = PBXFileReference; fileEncoding = 4; lastKnownFileType = sourcecode.c.h; path = NullObject.h; sourceTree = "<group>"; };
		248B2CF3141CFD700026FD73 /* NullObject.mm */ = {isa = PBXFileReference; fileEncoding = 4; lastKnownFileType = sourcecode.cpp.objcpp; path = NullObject.mm; sourceTree = "<group>"; };
		248B2CF5141CFD700026FD73 /* NullView.h */ = {isa = PBXFileReference; fileEncoding = 4; lastKnownFileType = sourcecode.c.h; path = NullView.h; sourceTree = "<group>"; };
		248B2CF6141CFD700026FD73 /* NullView.mm */ = {isa = PBXFileReference; fileEncoding = 4; lastKnownFileType = sourcecode.cpp.objcpp; path = NullView.mm; sourceTree = "<group>"; };
		248B2CF9141CFD700026FD73 /* Default.png */ = {isa = PBXFileReference; lastKnownFileType = image.png; path = Default.png; sourceTree = "<group>"; };
		248B2CFA141CFD700026FD73 /* Default@2x.png */ = {isa = PBXFileReference; lastKnownFileType = image.png; path = "Default@2x.png"; sourceTree = "<group>"; };
		248B2CFB141CFD700026FD73 /* Default@iPad.png */ = {isa = PBXFileReference; lastKnownFileType = image.png; path = "Default@iPad.png"; sourceTree = "<group>"; };
		248B2CFD141CFD700026FD73 /* English */ = {isa = PBXFileReference; lastKnownFileType = text.plist.strings; name = English; path = English.lproj/InfoPlist.strings; sourceTree = "<group>"; };
		248B2CFF141CFD700026FD73 /* English */ = {isa = PBXFileReference; lastKnownFileType = text.plist.strings; name = English; path = English.lproj/Localizable.strings; sourceTree = "<group>"; };
		248B2D00141CFD700026FD73 /* Icon.png */ = {isa = PBXFileReference; lastKnownFileType = image.png; path = Icon.png; sourceTree = "<group>"; };
		248B2D01141CFD700026FD73 /* Icon@2x.png */ = {isa = PBXFileReference; lastKnownFileType = image.png; path = "Icon@2x.png"; sourceTree = "<group>"; };
		248B2D02141CFD700026FD73 /* Icon@iPad.png */ = {isa = PBXFileReference; lastKnownFileType = image.png; path = "Icon@iPad.png"; sourceTree = "<group>"; };
		248B2D03141CFD700026FD73 /* Info.plist */ = {isa = PBXFileReference; fileEncoding = 4; lastKnownFileType = text.plist.xml; path = Info.plist; sourceTree = "<group>"; };
		248B2D04141CFD700026FD73 /* zh-Hans */ = {isa = PBXFileReference; lastKnownFileType = text.plist.strings; name = "zh-Hans"; path = "zh-Hans.lproj/InfoPlist.strings"; sourceTree = "<group>"; };
		248B2D05141CFD700026FD73 /* zh-Hans */ = {isa = PBXFileReference; lastKnownFileType = text.plist.strings; name = "zh-Hans"; path = "zh-Hans.lproj/Localizable.strings"; sourceTree = "<group>"; };
		248B2D06141CFD700026FD73 /* zh-Hant */ = {isa = PBXFileReference; lastKnownFileType = text.plist.strings; name = "zh-Hant"; path = "zh-Hant.lproj/InfoPlist.strings"; sourceTree = "<group>"; };
		248B2D07141CFD700026FD73 /* zh-Hant */ = {isa = PBXFileReference; lastKnownFileType = text.plist.strings; name = "zh-Hant"; path = "zh-Hant.lproj/Localizable.strings"; sourceTree = "<group>"; };
		248B2D75141CFD700026FD73 /* MoviePlayer.h */ = {isa = PBXFileReference; fileEncoding = 4; lastKnownFileType = sourcecode.c.h; path = MoviePlayer.h; sourceTree = "<group>"; };
		248B2D76141CFD700026FD73 /* MoviePlayer.mm */ = {isa = PBXFileReference; fileEncoding = 4; lastKnownFileType = sourcecode.cpp.objcpp; path = MoviePlayer.mm; sourceTree = "<group>"; };
		248B2D77141CFD700026FD73 /* SelectController.h */ = {isa = PBXFileReference; fileEncoding = 4; lastKnownFileType = sourcecode.c.h; path = SelectController.h; sourceTree = "<group>"; };
		248B2D78141CFD700026FD73 /* SelectController.mm */ = {isa = PBXFileReference; fileEncoding = 4; lastKnownFileType = sourcecode.cpp.objcpp; path = SelectController.mm; sourceTree = "<group>"; };
		248B2D79141CFD700026FD73 /* ShareComposer.h */ = {isa = PBXFileReference; fileEncoding = 4; lastKnownFileType = sourcecode.c.h; path = ShareComposer.h; sourceTree = "<group>"; };
		248B2D7A141CFD700026FD73 /* ShareComposer.mm */ = {isa = PBXFileReference; fileEncoding = 4; lastKnownFileType = sourcecode.cpp.objcpp; path = ShareComposer.mm; sourceTree = "<group>"; };
		248B2D7C141CFD700026FD73 /* Analytics-README.pdf */ = {isa = PBXFileReference; lastKnownFileType = image.pdf; path = "Analytics-README.pdf"; sourceTree = "<group>"; };
		248B2D7D141CFD700026FD73 /* AppCircle-README.pdf */ = {isa = PBXFileReference; lastKnownFileType = image.pdf; path = "AppCircle-README.pdf"; sourceTree = "<group>"; };
		248B2D80141CFD700026FD73 /* FlurryAdDelegate.h */ = {isa = PBXFileReference; fileEncoding = 4; lastKnownFileType = sourcecode.c.h; path = FlurryAdDelegate.h; sourceTree = "<group>"; };
		248B2D81141CFD700026FD73 /* FlurryAPI+AppCircle.h */ = {isa = PBXFileReference; fileEncoding = 4; lastKnownFileType = sourcecode.c.h; path = "FlurryAPI+AppCircle.h"; sourceTree = "<group>"; };
		248B2D82141CFD700026FD73 /* FlurryOffer.h */ = {isa = PBXFileReference; fileEncoding = 4; lastKnownFileType = sourcecode.c.h; path = FlurryOffer.h; sourceTree = "<group>"; };
		248B2D83141CFD700026FD73 /* FlurryAPI.h */ = {isa = PBXFileReference; fileEncoding = 4; lastKnownFileType = sourcecode.c.h; path = FlurryAPI.h; sourceTree = "<group>"; };
		248B2D84141CFD700026FD73 /* ProjectApiKey.txt */ = {isa = PBXFileReference; fileEncoding = 4; lastKnownFileType = text; path = ProjectApiKey.txt; sourceTree = "<group>"; };
		248B2D85141CFD700026FD73 /* RELEASE_NOTES.txt */ = {isa = PBXFileReference; fileEncoding = 4; lastKnownFileType = text; path = RELEASE_NOTES.txt; sourceTree = "<group>"; };
		248B2D87141CFD700026FD73 /* JSON.h */ = {isa = PBXFileReference; fileEncoding = 4; lastKnownFileType = sourcecode.c.h; path = JSON.h; sourceTree = "<group>"; };
		248B2D88141CFD700026FD73 /* NSObject+SBJSON.h */ = {isa = PBXFileReference; fileEncoding = 4; lastKnownFileType = sourcecode.c.h; path = "NSObject+SBJSON.h"; sourceTree = "<group>"; };
		248B2D89141CFD700026FD73 /* NSObject+SBJSON.m */ = {isa = PBXFileReference; fileEncoding = 4; lastKnownFileType = sourcecode.c.objc; path = "NSObject+SBJSON.m"; sourceTree = "<group>"; };
		248B2D8A141CFD700026FD73 /* NSString+SBJSON.h */ = {isa = PBXFileReference; fileEncoding = 4; lastKnownFileType = sourcecode.c.h; path = "NSString+SBJSON.h"; sourceTree = "<group>"; };
		248B2D8B141CFD700026FD73 /* NSString+SBJSON.m */ = {isa = PBXFileReference; fileEncoding = 4; lastKnownFileType = sourcecode.c.objc; path = "NSString+SBJSON.m"; sourceTree = "<group>"; };
		248B2D8C141CFD700026FD73 /* SBJsonBase.h */ = {isa = PBXFileReference; fileEncoding = 4; lastKnownFileType = sourcecode.c.h; path = SBJsonBase.h; sourceTree = "<group>"; };
		248B2D8D141CFD700026FD73 /* SBJsonBase.m */ = {isa = PBXFileReference; fileEncoding = 4; lastKnownFileType = sourcecode.c.objc; path = SBJsonBase.m; sourceTree = "<group>"; };
		248B2D8E141CFD700026FD73 /* SBJsonParser.h */ = {isa = PBXFileReference; fileEncoding = 4; lastKnownFileType = sourcecode.c.h; path = SBJsonParser.h; sourceTree = "<group>"; };
		248B2D8F141CFD700026FD73 /* SBJsonParser.m */ = {isa = PBXFileReference; fileEncoding = 4; lastKnownFileType = sourcecode.c.objc; path = SBJsonParser.m; sourceTree = "<group>"; };
		248B2D90141CFD700026FD73 /* SBJsonWriter.h */ = {isa = PBXFileReference; fileEncoding = 4; lastKnownFileType = sourcecode.c.h; path = SBJsonWriter.h; sourceTree = "<group>"; };
		248B2D91141CFD700026FD73 /* SBJsonWriter.m */ = {isa = PBXFileReference; fileEncoding = 4; lastKnownFileType = sourcecode.c.objc; path = SBJsonWriter.m; sourceTree = "<group>"; };
		248B2D92141CFD700026FD73 /* Main.mm */ = {isa = PBXFileReference; fileEncoding = 4; lastKnownFileType = sourcecode.cpp.objcpp; path = Main.mm; sourceTree = "<group>"; };
		248B2D94141CFD700026FD73 /* libMobClickLibrary.a */ = {isa = PBXFileReference; lastKnownFileType = archive.ar; path = libMobClickLibrary.a; sourceTree = "<group>"; };
		248B2D95141CFD700026FD73 /* MobClick.h */ = {isa = PBXFileReference; fileEncoding = 4; lastKnownFileType = sourcecode.c.h; path = MobClick.h; sourceTree = "<group>"; };
		248B2D97141CFD700026FD73 /* Prefix.pch */ = {isa = PBXFileReference; fileEncoding = 4; lastKnownFileType = sourcecode.c.h; path = Prefix.pch; sourceTree = "<group>"; };
		248B2D99141CFD700026FD73 /* PullArrow.png */ = {isa = PBXFileReference; lastKnownFileType = image.png; path = PullArrow.png; sourceTree = "<group>"; };
		248B2D9A141CFD700026FD73 /* PullArrow@2x.png */ = {isa = PBXFileReference; lastKnownFileType = image.png; path = "PullArrow@2x.png"; sourceTree = "<group>"; };
		248B2D9B141CFD700026FD73 /* PullView.h */ = {isa = PBXFileReference; fileEncoding = 4; lastKnownFileType = sourcecode.c.h; path = PullView.h; sourceTree = "<group>"; };
		248B2D9C141CFD700026FD73 /* PullView.mm */ = {isa = PBXFileReference; fileEncoding = 4; lastKnownFileType = sourcecode.cpp.objcpp; path = PullView.mm; sourceTree = "<group>"; };
		248B2D9E141CFD700026FD73 /* TabStripBack.png */ = {isa = PBXFileReference; lastKnownFileType = image.png; path = TabStripBack.png; sourceTree = "<group>"; };
		248B2D9F141CFD700026FD73 /* TabStripButton.h */ = {isa = PBXFileReference; fileEncoding = 4; lastKnownFileType = sourcecode.c.h; path = TabStripButton.h; sourceTree = "<group>"; };
		248B2DA0141CFD700026FD73 /* TabStripButton.mm */ = {isa = PBXFileReference; fileEncoding = 4; lastKnownFileType = sourcecode.cpp.objcpp; path = TabStripButton.mm; sourceTree = "<group>"; };
		248B2DA1141CFD700026FD73 /* TabStripLeft.png */ = {isa = PBXFileReference; lastKnownFileType = image.png; path = TabStripLeft.png; sourceTree = "<group>"; };
		248B2DA2141CFD700026FD73 /* TabStripOver.png */ = {isa = PBXFileReference; lastKnownFileType = image.png; path = TabStripOver.png; sourceTree = "<group>"; };
		248B2DA3141CFD700026FD73 /* TabStripRight.png */ = {isa = PBXFileReference; lastKnownFileType = image.png; path = TabStripRight.png; sourceTree = "<group>"; };
		248B2DA4141CFD700026FD73 /* TabStripView.h */ = {isa = PBXFileReference; fileEncoding = 4; lastKnownFileType = sourcecode.c.h; path = TabStripView.h; sourceTree = "<group>"; };
		248B2DA5141CFD700026FD73 /* TabStripView.mm */ = {isa = PBXFileReference; fileEncoding = 4; lastKnownFileType = sourcecode.cpp.objcpp; path = TabStripView.mm; sourceTree = "<group>"; };
		248B2DA6141CFD700026FD73 /* UniBase.h */ = {isa = PBXFileReference; fileEncoding = 4; lastKnownFileType = sourcecode.c.h; path = UniBase.h; sourceTree = "<group>"; };
		248B2DA7141CFD700026FD73 /* UniBase.TODO.h */ = {isa = PBXFileReference; fileEncoding = 4; lastKnownFileType = sourcecode.c.h; path = UniBase.TODO.h; sourceTree = "<group>"; };
		248B2DA9141CFD700026FD73 /* DownloadUtil.h */ = {isa = PBXFileReference; fileEncoding = 4; lastKnownFileType = sourcecode.c.h; path = DownloadUtil.h; sourceTree = "<group>"; };
		248B2DAA141CFD700026FD73 /* DownloadUtil.mm */ = {isa = PBXFileReference; fileEncoding = 4; lastKnownFileType = sourcecode.cpp.objcpp; path = DownloadUtil.mm; sourceTree = "<group>"; };
		248B2DAB141CFD700026FD73 /* NetworkUtil.h */ = {isa = PBXFileReference; fileEncoding = 4; lastKnownFileType = sourcecode.c.h; path = NetworkUtil.h; sourceTree = "<group>"; };
		248B2DAC141CFD700026FD73 /* NetworkUtil.mm */ = {isa = PBXFileReference; fileEncoding = 4; lastKnownFileType = sourcecode.cpp.objcpp; path = NetworkUtil.mm; sourceTree = "<group>"; };
		248B2DAD141CFD700026FD73 /* NSUtil.h */ = {isa = PBXFileReference; fileEncoding = 4; lastKnownFileType = sourcecode.c.h; path = NSUtil.h; sourceTree = "<group>"; };
		248B2DAE141CFD700026FD73 /* NSUtil.mm */ = {isa = PBXFileReference; fileEncoding = 4; lastKnownFileType = sourcecode.cpp.objcpp; path = NSUtil.mm; sourceTree = "<group>"; };
		248B2DAF141CFD700026FD73 /* SettingUtil.h */ = {isa = PBXFileReference; fileEncoding = 4; lastKnownFileType = sourcecode.c.h; path = SettingUtil.h; sourceTree = "<group>"; };
		248B2DB0141CFD700026FD73 /* SettingUtil.mm */ = {isa = PBXFileReference; fileEncoding = 4; lastKnownFileType = sourcecode.cpp.objcpp; path = SettingUtil.mm; sourceTree = "<group>"; };
		248B2DB1141CFD700026FD73 /* UIAddition.h */ = {isa = PBXFileReference; fileEncoding = 4; lastKnownFileType = sourcecode.c.h; path = UIAddition.h; sourceTree = "<group>"; };
		248B2DB2141CFD700026FD73 /* UIAddition.mm */ = {isa = PBXFileReference; fileEncoding = 4; lastKnownFileType = sourcecode.cpp.objcpp; path = UIAddition.mm; sourceTree = "<group>"; };
		248B2DB3141CFD700026FD73 /* UIUtil.h */ = {isa = PBXFileReference; fileEncoding = 4; lastKnownFileType = sourcecode.c.h; path = UIUtil.h; sourceTree = "<group>"; };
		248B2DB4141CFD700026FD73 /* UIUtil.mm */ = {isa = PBXFileReference; fileEncoding = 4; lastKnownFileType = sourcecode.cpp.objcpp; path = UIUtil.mm; sourceTree = "<group>"; };
		248B2DB6141CFD700026FD73 /* DelayImageView.h */ = {isa = PBXFileReference; fileEncoding = 4; lastKnownFileType = sourcecode.c.h; path = DelayImageView.h; sourceTree = "<group>"; };
		248B2DB7141CFD700026FD73 /* DelayImageView.mm */ = {isa = PBXFileReference; fileEncoding = 4; lastKnownFileType = sourcecode.cpp.objcpp; path = DelayImageView.mm; sourceTree = "<group>"; };
		248B2DB8141CFD700026FD73 /* KBCustomTextField.h */ = {isa = PBXFileReference; fileEncoding = 4; lastKnownFileType = sourcecode.c.h; path = KBCustomTextField.h; sourceTree = "<group>"; };
		248B2DB9141CFD700026FD73 /* KBCustomTextField.mm */ = {isa = PBXFileReference; fileEncoding = 4; lastKnownFileType = sourcecode.cpp.objcpp; path = KBCustomTextField.mm; sourceTree = "<group>"; };
		248B2DBA141CFD700026FD73 /* PredictScrollView.h */ = {isa = PBXFileReference; fileEncoding = 4; lastKnownFileType = sourcecode.c.h; path = PredictScrollView.h; sourceTree = "<group>"; };
		248B2DBB141CFD700026FD73 /* PredictScrollView.mm */ = {isa = PBXFileReference; fileEncoding = 4; lastKnownFileType = sourcecode.cpp.objcpp; path = PredictScrollView.mm; sourceTree = "<group>"; };
		248B2DBC141CFD700026FD73 /* TouchView.h */ = {isa = PBXFileReference; fileEncoding = 4; lastKnownFileType = sourcecode.c.h; path = TouchView.h; sourceTree = "<group>"; };
		248B2DBD141CFD700026FD73 /* TouchView.mm */ = {isa = PBXFileReference; fileEncoding = 4; lastKnownFileType = sourcecode.cpp.objcpp; path = TouchView.mm; sourceTree = "<group>"; };
		248B2DBF141CFD700026FD73 /* BackwardIcon.png */ = {isa = PBXFileReference; lastKnownFileType = image.png; path = BackwardIcon.png; sourceTree = "<group>"; };
		248B2DC0141CFD700026FD73 /* BackwardIcon@2x.png */ = {isa = PBXFileReference; lastKnownFileType = image.png; path = "BackwardIcon@2x.png"; sourceTree = "<group>"; };
		248B2DC1141CFD700026FD73 /* ForwardIcon.png */ = {isa = PBXFileReference; lastKnownFileType = image.png; path = ForwardIcon.png; sourceTree = "<group>"; };
		248B2DC2141CFD700026FD73 /* ForwardIcon@2x.png */ = {isa = PBXFileReference; lastKnownFileType = image.png; path = "ForwardIcon@2x.png"; sourceTree = "<group>"; };
		248B2DC3141CFD700026FD73 /* WebController.h */ = {isa = PBXFileReference; fileEncoding = 4; lastKnownFileType = sourcecode.c.h; path = WebController.h; sourceTree = "<group>"; };
		248B2DC4141CFD700026FD73 /* WebController.mm */ = {isa = PBXFileReference; fileEncoding = 4; lastKnownFileType = sourcecode.cpp.objcpp; path = WebController.mm; sourceTree = "<group>"; };
		248B2DC6141CFD700026FD73 /* crypt.h */ = {isa = PBXFileReference; fileEncoding = 4; lastKnownFileType = sourcecode.c.h; path = crypt.h; sourceTree = "<group>"; };
		248B2DC7141CFD700026FD73 /* ioapi.c */ = {isa = PBXFileReference; fileEncoding = 4; lastKnownFileType = sourcecode.c.c; path = ioapi.c; sourceTree = "<group>"; };
		248B2DC8141CFD700026FD73 /* ioapi.h */ = {isa = PBXFileReference; fileEncoding = 4; lastKnownFileType = sourcecode.c.h; path = ioapi.h; sourceTree = "<group>"; };
		248B2DC9141CFD700026FD73 /* unzip.c */ = {isa = PBXFileReference; fileEncoding = 4; lastKnownFileType = sourcecode.c.c; path = unzip.c; sourceTree = "<group>"; };
		248B2DCA141CFD700026FD73 /* unzip.h */ = {isa = PBXFileReference; fileEncoding = 4; lastKnownFileType = sourcecode.c.h; path = unzip.h; sourceTree = "<group>"; };
		248B2DCB141CFD700026FD73 /* zip.c */ = {isa = PBXFileReference; fileEncoding = 4; lastKnownFileType = sourcecode.c.c; path = zip.c; sourceTree = "<group>"; };
		248B2DCC141CFD700026FD73 /* zip.h */ = {isa = PBXFileReference; fileEncoding = 4; lastKnownFileType = sourcecode.c.h; path = zip.h; sourceTree = "<group>"; };
		248B2DCD141CFD700026FD73 /* ZipArchive.h */ = {isa = PBXFileReference; fileEncoding = 4; lastKnownFileType = sourcecode.c.h; path = ZipArchive.h; sourceTree = "<group>"; };
		248B2DCE141CFD700026FD73 /* ZipArchive.mm */ = {isa = PBXFileReference; fileEncoding = 4; lastKnownFileType = sourcecode.cpp.objcpp; path = ZipArchive.mm; sourceTree = "<group>"; };
		248B2E37141CFE360026FD73 /* GenString */ = {isa = PBXFileReference; lastKnownFileType = "compiled.mach-o.executable"; path = GenString; sourceTree = "<group>"; };
		248B2E38141CFEA60026FD73 /* QuartzCore.framework */ = {isa = PBXFileReference; lastKnownFileType = wrapper.framework; name = QuartzCore.framework; path = System/Library/Frameworks/QuartzCore.framework; sourceTree = SDKROOT; };
		248B2E3A141CFEBA0026FD73 /* MessageUI.framework */ = {isa = PBXFileReference; lastKnownFileType = wrapper.framework; name = MessageUI.framework; path = System/Library/Frameworks/MessageUI.framework; sourceTree = SDKROOT; };
		248B2E3C141CFEC40026FD73 /* MediaPlayer.framework */ = {isa = PBXFileReference; lastKnownFileType = wrapper.framework; name = MediaPlayer.framework; path = System/Library/Frameworks/MediaPlayer.framework; sourceTree = SDKROOT; };
		248B2E3E141CFECD0026FD73 /* SystemConfiguration.framework */ = {isa = PBXFileReference; lastKnownFileType = wrapper.framework; name = SystemConfiguration.framework; path = System/Library/Frameworks/SystemConfiguration.framework; sourceTree = SDKROOT; };
/* End PBXFileReference section */

/* Begin PBXFrameworksBuildPhase section */
		248B2CB6141CFC8C0026FD73 /* Frameworks */ = {
			isa = PBXFrameworksBuildPhase;
			buildActionMask = 2147483647;
			files = (
				248B2CBE141CFC8C0026FD73 /* UIKit.framework in Frameworks */,
				248B2CC0141CFC8C0026FD73 /* Foundation.framework in Frameworks */,
				248B2CC2141CFC8C0026FD73 /* CoreGraphics.framework in Frameworks */,
				248B2E39141CFEA60026FD73 /* QuartzCore.framework in Frameworks */,
				248B2E3B141CFEBA0026FD73 /* MessageUI.framework in Frameworks */,
				248B2E3D141CFEC40026FD73 /* MediaPlayer.framework in Frameworks */,
				248B2E3F141CFECD0026FD73 /* SystemConfiguration.framework in Frameworks */,
			);
			runOnlyForDeploymentPostprocessing = 0;
		};
/* End PBXFrameworksBuildPhase section */

/* Begin PBXGroup section */
		248B2CAE141CFC8C0026FD73 = {
			isa = PBXGroup;
			children = (
				248B2CEB141CFD700026FD73 /* Classes */,
				248B2CF7141CFD700026FD73 /* Documents */,
				248B2CF8141CFD700026FD73 /* Resources */,
				248B2D08141CFD700026FD73 /* Sources */,
				248B2CBC141CFC8C0026FD73 /* Frameworks */,
				248B2CBA141CFC8C0026FD73 /* Products */,
			);
			sourceTree = "<group>";
		};
		248B2CBA141CFC8C0026FD73 /* Products */ = {
			isa = PBXGroup;
			children = (
				248B2CB9141CFC8C0026FD73 /* Sample.app */,
			);
			name = Products;
			sourceTree = "<group>";
		};
		248B2CBC141CFC8C0026FD73 /* Frameworks */ = {
			isa = PBXGroup;
			children = (
				248B2CBD141CFC8C0026FD73 /* UIKit.framework */,
				248B2CBF141CFC8C0026FD73 /* Foundation.framework */,
				248B2CC1141CFC8C0026FD73 /* CoreGraphics.framework */,
				248B2E38141CFEA60026FD73 /* QuartzCore.framework */,
				248B2E3A141CFEBA0026FD73 /* MessageUI.framework */,
				248B2E3C141CFEC40026FD73 /* MediaPlayer.framework */,
				248B2E3E141CFECD0026FD73 /* SystemConfiguration.framework */,
			);
			name = Frameworks;
			sourceTree = "<group>";
		};
		248B2CEB141CFD700026FD73 /* Classes */ = {
			isa = PBXGroup;
			children = (
				248B2CEE141CFD700026FD73 /* Controller */,
				248B2CF1141CFD700026FD73 /* Model */,
				248B2CF4141CFD700026FD73 /* View */,
				248B2CEC141CFD700026FD73 /* AppDelegate.h */,
				248B2CED141CFD700026FD73 /* AppDelegate.mm */,
			);
			path = Classes;
			sourceTree = "<group>";
		};
		248B2CEE141CFD700026FD73 /* Controller */ = {
			isa = PBXGroup;
			children = (
				248B2CEF141CFD700026FD73 /* NullController.h */,
				248B2CF0141CFD700026FD73 /* NullController.mm */,
			);
			path = Controller;
			sourceTree = "<group>";
		};
		248B2CF1141CFD700026FD73 /* Model */ = {
			isa = PBXGroup;
			children = (
				248B2CF2141CFD700026FD73 /* NullObject.h */,
				248B2CF3141CFD700026FD73 /* NullObject.mm */,
			);
			path = Model;
			sourceTree = "<group>";
		};
		248B2CF4141CFD700026FD73 /* View */ = {
			isa = PBXGroup;
			children = (
				248B2CF5141CFD700026FD73 /* NullView.h */,
				248B2CF6141CFD700026FD73 /* NullView.mm */,
			);
			path = View;
			sourceTree = "<group>";
		};
		248B2CF7141CFD700026FD73 /* Documents */ = {
			isa = PBXGroup;
			children = (
			);
			path = Documents;
			sourceTree = "<group>";
		};
		248B2CF8141CFD700026FD73 /* Resources */ = {
			isa = PBXGroup;
			children = (
				248B2E37141CFE360026FD73 /* GenString */,
				248B2D03141CFD700026FD73 /* Info.plist */,
				248B2CFC141CFD700026FD73 /* InfoPlist.strings */,
				248B2CFE141CFD700026FD73 /* Localizable.strings */,
				248B2D00141CFD700026FD73 /* Icon.png */,
				248B2D01141CFD700026FD73 /* Icon@2x.png */,
				248B2D02141CFD700026FD73 /* Icon@iPad.png */,
				248B2CF9141CFD700026FD73 /* Default.png */,
				248B2CFA141CFD700026FD73 /* Default@2x.png */,
				248B2CFB141CFD700026FD73 /* Default@iPad.png */,
			);
			path = Resources;
			sourceTree = "<group>";
		};
		248B2D08141CFD700026FD73 /* Sources */ = {
			isa = PBXGroup;
			children = (
				248B2DA8141CFD700026FD73 /* Util */,
				248B2DB5141CFD700026FD73 /* View */,
				248B2D74141CFD700026FD73 /* Controller */,
				248B2D98141CFD700026FD73 /* PullView */,
				248B2D9D141CFD700026FD73 /* TabStrip */,
				248B2DBE141CFD700026FD73 /* WebController */,
				248B2D93141CFD700026FD73 /* MobClick */,
				248B2D7B141CFD700026FD73 /* Flurry */,
				248B2D86141CFD700026FD73 /* JSON */,
				248B2DC5141CFD700026FD73 /* ZipArchive */,
				248B2D92141CFD700026FD73 /* Main.mm */,
				248B2D97141CFD700026FD73 /* Prefix.pch */,
				248B2DA6141CFD700026FD73 /* UniBase.h */,
				248B2DA7141CFD700026FD73 /* UniBase.TODO.h */,
			);
			path = Sources;
			sourceTree = "<group>";
		};
		248B2D74141CFD700026FD73 /* Controller */ = {
			isa = PBXGroup;
			children = (
				248B2D75141CFD700026FD73 /* MoviePlayer.h */,
				248B2D76141CFD700026FD73 /* MoviePlayer.mm */,
				248B2D77141CFD700026FD73 /* SelectController.h */,
				248B2D78141CFD700026FD73 /* SelectController.mm */,
				248B2D79141CFD700026FD73 /* ShareComposer.h */,
				248B2D7A141CFD700026FD73 /* ShareComposer.mm */,
			);
			path = Controller;
			sourceTree = "<group>";
		};
		248B2D7B141CFD700026FD73 /* Flurry */ = {
			isa = PBXGroup;
			children = (
				248B2D7E141CFD700026FD73 /* FlurryLib */,
				248B2D84141CFD700026FD73 /* ProjectApiKey.txt */,
				248B2D85141CFD700026FD73 /* RELEASE_NOTES.txt */,
				248B2D7C141CFD700026FD73 /* Analytics-README.pdf */,
				248B2D7D141CFD700026FD73 /* AppCircle-README.pdf */,
			);
			path = Flurry;
			sourceTree = "<group>";
		};
		248B2D7E141CFD700026FD73 /* FlurryLib */ = {
			isa = PBXGroup;
			children = (
				248B2D7F141CFD700026FD73 /* AppCircle */,
				248B2D83141CFD700026FD73 /* FlurryAPI.h */,
			);
			path = FlurryLib;
			sourceTree = "<group>";
		};
		248B2D7F141CFD700026FD73 /* AppCircle */ = {
			isa = PBXGroup;
			children = (
				248B2D80141CFD700026FD73 /* FlurryAdDelegate.h */,
				248B2D81141CFD700026FD73 /* FlurryAPI+AppCircle.h */,
				248B2D82141CFD700026FD73 /* FlurryOffer.h */,
			);
			path = AppCircle;
			sourceTree = "<group>";
		};
		248B2D86141CFD700026FD73 /* JSON */ = {
			isa = PBXGroup;
			children = (
				248B2D87141CFD700026FD73 /* JSON.h */,
				248B2D88141CFD700026FD73 /* NSObject+SBJSON.h */,
				248B2D89141CFD700026FD73 /* NSObject+SBJSON.m */,
				248B2D8A141CFD700026FD73 /* NSString+SBJSON.h */,
				248B2D8B141CFD700026FD73 /* NSString+SBJSON.m */,
				248B2D8C141CFD700026FD73 /* SBJsonBase.h */,
				248B2D8D141CFD700026FD73 /* SBJsonBase.m */,
				248B2D8E141CFD700026FD73 /* SBJsonParser.h */,
				248B2D8F141CFD700026FD73 /* SBJsonParser.m */,
				248B2D90141CFD700026FD73 /* SBJsonWriter.h */,
				248B2D91141CFD700026FD73 /* SBJsonWriter.m */,
			);
			path = JSON;
			sourceTree = "<group>";
		};
		248B2D93141CFD700026FD73 /* MobClick */ = {
			isa = PBXGroup;
			children = (
				248B2D94141CFD700026FD73 /* libMobClickLibrary.a */,
				248B2D95141CFD700026FD73 /* MobClick.h */,
			);
			path = MobClick;
			sourceTree = "<group>";
		};
		248B2D98141CFD700026FD73 /* PullView */ = {
			isa = PBXGroup;
			children = (
				248B2D99141CFD700026FD73 /* PullArrow.png */,
				248B2D9A141CFD700026FD73 /* PullArrow@2x.png */,
				248B2D9B141CFD700026FD73 /* PullView.h */,
				248B2D9C141CFD700026FD73 /* PullView.mm */,
			);
			path = PullView;
			sourceTree = "<group>";
		};
		248B2D9D141CFD700026FD73 /* TabStrip */ = {
			isa = PBXGroup;
			children = (
				248B2D9E141CFD700026FD73 /* TabStripBack.png */,
				248B2D9F141CFD700026FD73 /* TabStripButton.h */,
				248B2DA0141CFD700026FD73 /* TabStripButton.mm */,
				248B2DA1141CFD700026FD73 /* TabStripLeft.png */,
				248B2DA2141CFD700026FD73 /* TabStripOver.png */,
				248B2DA3141CFD700026FD73 /* TabStripRight.png */,
				248B2DA4141CFD700026FD73 /* TabStripView.h */,
				248B2DA5141CFD700026FD73 /* TabStripView.mm */,
			);
			path = TabStrip;
			sourceTree = "<group>";
		};
		248B2DA8141CFD700026FD73 /* Util */ = {
			isa = PBXGroup;
			children = (
				248B2DA9141CFD700026FD73 /* DownloadUtil.h */,
				248B2DAA141CFD700026FD73 /* DownloadUtil.mm */,
				248B2DAB141CFD700026FD73 /* NetworkUtil.h */,
				248B2DAC141CFD700026FD73 /* NetworkUtil.mm */,
				248B2DAD141CFD700026FD73 /* NSUtil.h */,
				248B2DAE141CFD700026FD73 /* NSUtil.mm */,
				248B2DAF141CFD700026FD73 /* SettingUtil.h */,
				248B2DB0141CFD700026FD73 /* SettingUtil.mm */,
				248B2DB1141CFD700026FD73 /* UIAddition.h */,
				248B2DB2141CFD700026FD73 /* UIAddition.mm */,
				248B2DB3141CFD700026FD73 /* UIUtil.h */,
				248B2DB4141CFD700026FD73 /* UIUtil.mm */,
			);
			path = Util;
			sourceTree = "<group>";
		};
		248B2DB5141CFD700026FD73 /* View */ = {
			isa = PBXGroup;
			children = (
				248B2DB6141CFD700026FD73 /* DelayImageView.h */,
				248B2DB7141CFD700026FD73 /* DelayImageView.mm */,
				248B2DB8141CFD700026FD73 /* KBCustomTextField.h */,
				248B2DB9141CFD700026FD73 /* KBCustomTextField.mm */,
				248B2DBA141CFD700026FD73 /* PredictScrollView.h */,
				248B2DBB141CFD700026FD73 /* PredictScrollView.mm */,
				248B2DBC141CFD700026FD73 /* TouchView.h */,
				248B2DBD141CFD700026FD73 /* TouchView.mm */,
			);
			path = View;
			sourceTree = "<group>";
		};
		248B2DBE141CFD700026FD73 /* WebController */ = {
			isa = PBXGroup;
			children = (
				248B2DBF141CFD700026FD73 /* BackwardIcon.png */,
				248B2DC0141CFD700026FD73 /* BackwardIcon@2x.png */,
				248B2DC1141CFD700026FD73 /* ForwardIcon.png */,
				248B2DC2141CFD700026FD73 /* ForwardIcon@2x.png */,
				248B2DC3141CFD700026FD73 /* WebController.h */,
				248B2DC4141CFD700026FD73 /* WebController.mm */,
			);
			path = WebController;
			sourceTree = "<group>";
		};
		248B2DC5141CFD700026FD73 /* ZipArchive */ = {
			isa = PBXGroup;
			children = (
				248B2DC6141CFD700026FD73 /* crypt.h */,
				248B2DC7141CFD700026FD73 /* ioapi.c */,
				248B2DC8141CFD700026FD73 /* ioapi.h */,
				248B2DC9141CFD700026FD73 /* unzip.c */,
				248B2DCA141CFD700026FD73 /* unzip.h */,
				248B2DCB141CFD700026FD73 /* zip.c */,
				248B2DCC141CFD700026FD73 /* zip.h */,
				248B2DCD141CFD700026FD73 /* ZipArchive.h */,
				248B2DCE141CFD700026FD73 /* ZipArchive.mm */,
			);
			path = ZipArchive;
			sourceTree = "<group>";
		};
/* End PBXGroup section */

/* Begin PBXNativeTarget section */
		248B2CB8141CFC8C0026FD73 /* Sample */ = {
			isa = PBXNativeTarget;
			buildConfigurationList = 248B2CDF141CFC8C0026FD73 /* Build configuration list for PBXNativeTarget "Sample" */;
			buildPhases = (
				248B2CB5141CFC8C0026FD73 /* Sources */,
				248B2CB6141CFC8C0026FD73 /* Frameworks */,
				248B2CB7141CFC8C0026FD73 /* Resources */,
			);
			buildRules = (
			);
			dependencies = (
			);
			name = Sample;
			productName = Sample;
			productReference = 248B2CB9141CFC8C0026FD73 /* Sample.app */;
			productType = "com.apple.product-type.application";
		};
/* End PBXNativeTarget section */

/* Begin PBXProject section */
		248B2CB0141CFC8C0026FD73 /* Project object */ = {
			isa = PBXProject;
			attributes = {
				LastUpgradeCheck = 0420;
			};
			buildConfigurationList = 248B2CB3141CFC8C0026FD73 /* Build configuration list for PBXProject "Sample" */;
			compatibilityVersion = "Xcode 3.2";
			developmentRegion = English;
			hasScannedForEncodings = 0;
			knownRegions = (
				en,
				English,
				"zh-Hans",
				"zh-Hant",
			);
			mainGroup = 248B2CAE141CFC8C0026FD73;
			productRefGroup = 248B2CBA141CFC8C0026FD73 /* Products */;
			projectDirPath = "";
			projectRoot = "";
			targets = (
				248B2CB8141CFC8C0026FD73 /* Sample */,
			);
		};
/* End PBXProject section */

/* Begin PBXResourcesBuildPhase section */
		248B2CB7141CFC8C0026FD73 /* Resources */ = {
			isa = PBXResourcesBuildPhase;
			buildActionMask = 2147483647;
			files = (
				248B2DD3141CFD700026FD73 /* Default.png in Resources */,
				248B2DD4141CFD700026FD73 /* Default@2x.png in Resources */,
				248B2DD5141CFD700026FD73 /* Default@iPad.png in Resources */,
				248B2DD6141CFD700026FD73 /* InfoPlist.strings in Resources */,
				248B2DD7141CFD700026FD73 /* Localizable.strings in Resources */,
				248B2DD8141CFD700026FD73 /* Icon.png in Resources */,
				248B2DD9141CFD700026FD73 /* Icon@2x.png in Resources */,
				248B2DDA141CFD700026FD73 /* Icon@iPad.png in Resources */,
				248B2E19141CFD700026FD73 /* PullArrow.png in Resources */,
				248B2E1A141CFD700026FD73 /* PullArrow@2x.png in Resources */,
				248B2E1C141CFD700026FD73 /* TabStripBack.png in Resources */,
				248B2E1E141CFD700026FD73 /* TabStripLeft.png in Resources */,
				248B2E1F141CFD700026FD73 /* TabStripOver.png in Resources */,
				248B2E20141CFD700026FD73 /* TabStripRight.png in Resources */,
				248B2E2C141CFD700026FD73 /* BackwardIcon.png in Resources */,
				248B2E2D141CFD700026FD73 /* BackwardIcon@2x.png in Resources */,
				248B2E2E141CFD700026FD73 /* ForwardIcon.png in Resources */,
				248B2E2F141CFD700026FD73 /* ForwardIcon@2x.png in Resources */,
			);
			runOnlyForDeploymentPostprocessing = 0;
		};
/* End PBXResourcesBuildPhase section */

/* Begin PBXSourcesBuildPhase section */
		248B2CB5141CFC8C0026FD73 /* Sources */ = {
			isa = PBXSourcesBuildPhase;
			buildActionMask = 2147483647;
			files = (
				248B2DCF141CFD700026FD73 /* AppDelegate.mm in Sources */,
				248B2DD0141CFD700026FD73 /* NullController.mm in Sources */,
				248B2DD1141CFD700026FD73 /* NullObject.mm in Sources */,
				248B2DD2141CFD700026FD73 /* NullView.mm in Sources */,
				248B2E0B141CFD700026FD73 /* MoviePlayer.mm in Sources */,
				248B2E0C141CFD700026FD73 /* SelectController.mm in Sources */,
				248B2E0D141CFD700026FD73 /* ShareComposer.mm in Sources */,
				248B2E12141CFD700026FD73 /* NSObject+SBJSON.m in Sources */,
				248B2E13141CFD700026FD73 /* NSString+SBJSON.m in Sources */,
				248B2E14141CFD700026FD73 /* SBJsonBase.m in Sources */,
				248B2E15141CFD700026FD73 /* SBJsonParser.m in Sources */,
				248B2E16141CFD700026FD73 /* SBJsonWriter.m in Sources */,
				248B2E17141CFD700026FD73 /* Main.mm in Sources */,
				248B2E1B141CFD700026FD73 /* PullView.mm in Sources */,
				248B2E1D141CFD700026FD73 /* TabStripButton.mm in Sources */,
				248B2E21141CFD700026FD73 /* TabStripView.mm in Sources */,
				248B2E22141CFD700026FD73 /* DownloadUtil.mm in Sources */,
				248B2E23141CFD700026FD73 /* NetworkUtil.mm in Sources */,
				248B2E24141CFD700026FD73 /* NSUtil.mm in Sources */,
				248B2E25141CFD700026FD73 /* SettingUtil.mm in Sources */,
				248B2E26141CFD700026FD73 /* UIAddition.mm in Sources */,
				248B2E27141CFD700026FD73 /* UIUtil.mm in Sources */,
				248B2E28141CFD700026FD73 /* DelayImageView.mm in Sources */,
				248B2E29141CFD700026FD73 /* KBCustomTextField.mm in Sources */,
				248B2E2A141CFD700026FD73 /* PredictScrollView.mm in Sources */,
				248B2E2B141CFD700026FD73 /* TouchView.mm in Sources */,
				248B2E30141CFD700026FD73 /* WebController.mm in Sources */,
			);
			runOnlyForDeploymentPostprocessing = 0;
		};
/* End PBXSourcesBuildPhase section */

/* Begin PBXVariantGroup section */
		248B2CFC141CFD700026FD73 /* InfoPlist.strings */ = {
			isa = PBXVariantGroup;
			children = (
				248B2CFD141CFD700026FD73 /* English */,
				248B2D04141CFD700026FD73 /* zh-Hans */,
				248B2D06141CFD700026FD73 /* zh-Hant */,
			);
			name = InfoPlist.strings;
			sourceTree = "<group>";
		};
		248B2CFE141CFD700026FD73 /* Localizable.strings */ = {
			isa = PBXVariantGroup;
			children = (
				248B2CFF141CFD700026FD73 /* English */,
				248B2D05141CFD700026FD73 /* zh-Hans */,
				248B2D07141CFD700026FD73 /* zh-Hant */,
			);
			name = Localizable.strings;
			sourceTree = "<group>";
		};
/* End PBXVariantGroup section */

/* Begin XCBuildConfiguration section */
		248B2CDD141CFC8C0026FD73 /* Debug */ = {
			isa = XCBuildConfiguration;
			buildSettings = {
				ALWAYS_SEARCH_USER_PATHS = NO;
				ARCHS = "$(ARCHS_STANDARD_32_BIT)";
				"CODE_SIGN_IDENTITY[sdk=iphoneos*]" = "iPhone Developer";
				COPY_PHASE_STRIP = NO;
				GCC_C_LANGUAGE_STANDARD = gnu99;
				GCC_DYNAMIC_NO_PIC = NO;
				GCC_OPTIMIZATION_LEVEL = 0;
				GCC_PRECOMPILE_PREFIX_HEADER = YES;
				GCC_PREFIX_HEADER = Sources/Prefix.pch;
				GCC_PREPROCESSOR_DEFINITIONS = (
					_DEBUG,
					"DEBUG=1",
					"$(inherited)",
				);
				GCC_SYMBOLS_PRIVATE_EXTERN = NO;
				GCC_VERSION = com.apple.compilers.llvmgcc42;
				GCC_WARN_ABOUT_MISSING_PROTOTYPES = YES;
				GCC_WARN_ABOUT_RETURN_TYPE = YES;
				GCC_WARN_UNUSED_VARIABLE = YES;
				INFOPLIST_FILE = Resources/Info.plist;
				IPHONEOS_DEPLOYMENT_TARGET = 3.0;
				ONLY_ACTIVE_ARCH = YES;
				PRODUCT_NAME = Sample;
				SDKROOT = iphoneos;
				TARGETED_DEVICE_FAMILY = "1,2";
			};
			name = Debug;
		};
		248B2CDE141CFC8C0026FD73 /* Release */ = {
			isa = XCBuildConfiguration;
			buildSettings = {
				ALWAYS_SEARCH_USER_PATHS = NO;
				ARCHS = "$(ARCHS_STANDARD_32_BIT)";
				"CODE_SIGN_IDENTITY[sdk=iphoneos*]" = "iPhone Developer";
				COPY_PHASE_STRIP = YES;
				GCC_C_LANGUAGE_STANDARD = gnu99;
				GCC_PRECOMPILE_PREFIX_HEADER = YES;
				GCC_PREFIX_HEADER = Sources/Prefix.pch;
				GCC_VERSION = com.apple.compilers.llvmgcc42;
				GCC_WARN_ABOUT_MISSING_PROTOTYPES = YES;
				GCC_WARN_ABOUT_RETURN_TYPE = YES;
				GCC_WARN_UNUSED_VARIABLE = YES;
				INFOPLIST_FILE = Resources/Info.plist;
				IPHONEOS_DEPLOYMENT_TARGET = 3.0;
				ONLY_ACTIVE_ARCH = YES;
				OTHER_CFLAGS = "-DNS_BLOCK_ASSERTIONS=1";
				PRODUCT_NAME = Sample;
				SDKROOT = iphoneos;
				TARGETED_DEVICE_FAMILY = "1,2";
				VALIDATE_PRODUCT = YES;
			};
			name = Release;
		};
		248B2CE0141CFC8C0026FD73 /* Debug */ = {
			isa = XCBuildConfiguration;
			buildSettings = {
				GCC_VERSION = com.apple.compilers.llvm.clang.1_0;
				WRAPPER_EXTENSION = app;
			};
			name = Debug;
		};
		248B2CE1141CFC8C0026FD73 /* Release */ = {
			isa = XCBuildConfiguration;
			buildSettings = {
				GCC_VERSION = com.apple.compilers.llvm.clang.1_0;
				WRAPPER_EXTENSION = app;
			};
			name = Release;
		};
/* End XCBuildConfiguration section */

/* Begin XCConfigurationList section */
		248B2CB3141CFC8C0026FD73 /* Build configuration list for PBXProject "Sample" */ = {
			isa = XCConfigurationList;
			buildConfigurations = (
				248B2CDD141CFC8C0026FD73 /* Debug */,
				248B2CDE141CFC8C0026FD73 /* Release */,
			);
			defaultConfigurationIsVisible = 0;
			defaultConfigurationName = Release;
		};
		248B2CDF141CFC8C0026FD73 /* Build configuration list for PBXNativeTarget "Sample" */ = {
			isa = XCConfigurationList;
			buildConfigurations = (
				248B2CE0141CFC8C0026FD73 /* Debug */,
				248B2CE1141CFC8C0026FD73 /* Release */,
			);
			defaultConfigurationIsVisible = 0;
			defaultConfigurationName = Release;
		};
/* End XCConfigurationList section */
	};
	rootObject = 248B2CB0141CFC8C0026FD73 /* Project object */;
}
